// !$*UTF8*$!
{
	archiveVersion = 1;
	classes = {
	};
	objectVersion = 45;
	objects = {

/* Begin PBXAggregateTarget section */
		D9510B73117C3BB700288D3B /* Build & Merge Libraries */ = {
			isa = PBXAggregateTarget;
			buildConfigurationList = D9510B77117C3BBB00288D3B /* Build configuration list for PBXAggregateTarget "Build & Merge Libraries" */;
			buildPhases = (
				D9510C12117C4BC500288D3B /* ShellScript */,
			);
			dependencies = (
				D9510B79117C3BD900288D3B /* PBXTargetDependency */,
				D9510B7B117C3BD900288D3B /* PBXTargetDependency */,
			);
			name = "Build & Merge Libraries";
			productName = "Build & Merge Libraries";
		};
/* End PBXAggregateTarget section */

/* Begin PBXBuildFile section */
		AA747D9F0F9514B9006C5449 /* idrone_Prefix.pch in Headers */ = {isa = PBXBuildFile; fileRef = AA747D9E0F9514B9006C5449 /* idrone_Prefix.pch */; };
		AACBBE4A0F95108600F1A2B1 /* Foundation.framework in Frameworks */ = {isa = PBXBuildFile; fileRef = AACBBE490F95108600F1A2B1 /* Foundation.framework */; };
		D933724D1347283500C7FF19 /* GHUnitIOS.framework in Frameworks */ = {isa = PBXBuildFile; fileRef = D933724C1347283500C7FF19 /* GHUnitIOS.framework */; };
		D933724E1347283500C7FF19 /* GHUnitIOS.framework in Frameworks */ = {isa = PBXBuildFile; fileRef = D933724C1347283500C7FF19 /* GHUnitIOS.framework */; };
		D9337322134740DF00C7FF19 /* UIKit.framework in Frameworks */ = {isa = PBXBuildFile; fileRef = D951042E1174822000288D3B /* UIKit.framework */; };
		D9337323134740DF00C7FF19 /* Foundation.framework in Frameworks */ = {isa = PBXBuildFile; fileRef = AACBBE490F95108600F1A2B1 /* Foundation.framework */; };
		D9337324134740DF00C7FF19 /* CoreGraphics.framework in Frameworks */ = {isa = PBXBuildFile; fileRef = D951042D1174822000288D3B /* CoreGraphics.framework */; };
		D933732A134740DF00C7FF19 /* InfoPlist.strings in Resources */ = {isa = PBXBuildFile; fileRef = D9337328134740DF00C7FF19 /* InfoPlist.strings */; };
		D933733E1347411800C7FF19 /* GHUnitIOS.framework in Frameworks */ = {isa = PBXBuildFile; fileRef = D933724C1347283500C7FF19 /* GHUnitIOS.framework */; };
		D933733F1347411C00C7FF19 /* NSData+Base64.m in Sources */ = {isa = PBXBuildFile; fileRef = D953BE3D122194F7005A6BEC /* NSData+Base64.m */; };
		D93373401347411C00C7FF19 /* NSData+AES256.m in Sources */ = {isa = PBXBuildFile; fileRef = D953BDD71221884A005A6BEC /* NSData+AES256.m */; };
		D933734F1347413500C7FF19 /* FMDatabase.m in Sources */ = {isa = PBXBuildFile; fileRef = D95106A11179098200288D3B /* FMDatabase.m */; };
		D93373501347413500C7FF19 /* FMDatabaseAdditions.m in Sources */ = {isa = PBXBuildFile; fileRef = D95106A31179098200288D3B /* FMDatabaseAdditions.m */; };
		D93373511347413500C7FF19 /* FMResultSet.m in Sources */ = {isa = PBXBuildFile; fileRef = D95106A61179098200288D3B /* FMResultSet.m */; };
		D93373521347419E00C7FF19 /* libsqlite3.0.dylib in Frameworks */ = {isa = PBXBuildFile; fileRef = D951076411797CD300288D3B /* libsqlite3.0.dylib */; };
		D93373531347421700C7FF19 /* YAJL.framework in Frameworks */ = {isa = PBXBuildFile; fileRef = D9BB61E712108403006F32AA /* YAJL.framework */; };
		D95106C71179098200288D3B /* FMDatabase.h in Headers */ = {isa = PBXBuildFile; fileRef = D95106A01179098200288D3B /* FMDatabase.h */; };
		D95106C81179098200288D3B /* FMDatabase.m in Sources */ = {isa = PBXBuildFile; fileRef = D95106A11179098200288D3B /* FMDatabase.m */; };
		D95106C91179098200288D3B /* FMDatabaseAdditions.h in Headers */ = {isa = PBXBuildFile; fileRef = D95106A21179098200288D3B /* FMDatabaseAdditions.h */; };
		D95106CA1179098200288D3B /* FMDatabaseAdditions.m in Sources */ = {isa = PBXBuildFile; fileRef = D95106A31179098200288D3B /* FMDatabaseAdditions.m */; };
		D95106CC1179098200288D3B /* FMResultSet.h in Headers */ = {isa = PBXBuildFile; fileRef = D95106A51179098200288D3B /* FMResultSet.h */; };
		D95106CD1179098200288D3B /* FMResultSet.m in Sources */ = {isa = PBXBuildFile; fileRef = D95106A61179098200288D3B /* FMResultSet.m */; };
		D9510B4B117C3B4B00288D3B /* idrone_Prefix.pch in Headers */ = {isa = PBXBuildFile; fileRef = AA747D9E0F9514B9006C5449 /* idrone_Prefix.pch */; };
		D9510B4F117C3B4B00288D3B /* FMDatabase.h in Headers */ = {isa = PBXBuildFile; fileRef = D95106A01179098200288D3B /* FMDatabase.h */; };
		D9510B50117C3B4B00288D3B /* FMDatabaseAdditions.h in Headers */ = {isa = PBXBuildFile; fileRef = D95106A21179098200288D3B /* FMDatabaseAdditions.h */; };
		D9510B51117C3B4B00288D3B /* FMResultSet.h in Headers */ = {isa = PBXBuildFile; fileRef = D95106A51179098200288D3B /* FMResultSet.h */; };
		D9510B5F117C3B4B00288D3B /* FMDatabase.m in Sources */ = {isa = PBXBuildFile; fileRef = D95106A11179098200288D3B /* FMDatabase.m */; };
		D9510B60117C3B4B00288D3B /* FMDatabaseAdditions.m in Sources */ = {isa = PBXBuildFile; fileRef = D95106A31179098200288D3B /* FMDatabaseAdditions.m */; };
		D9510B61117C3B4B00288D3B /* FMResultSet.m in Sources */ = {isa = PBXBuildFile; fileRef = D95106A61179098200288D3B /* FMResultSet.m */; };
		D9510B6B117C3B4B00288D3B /* Foundation.framework in Frameworks */ = {isa = PBXBuildFile; fileRef = AACBBE490F95108600F1A2B1 /* Foundation.framework */; };
		D953BDD91221884A005A6BEC /* NSData+AES256.h in Headers */ = {isa = PBXBuildFile; fileRef = D953BDD61221884A005A6BEC /* NSData+AES256.h */; };
		D953BDDA1221884A005A6BEC /* NSData+AES256.m in Sources */ = {isa = PBXBuildFile; fileRef = D953BDD71221884A005A6BEC /* NSData+AES256.m */; };
		D953BDDB1221884A005A6BEC /* NSData+AES256.h in Headers */ = {isa = PBXBuildFile; fileRef = D953BDD61221884A005A6BEC /* NSData+AES256.h */; };
		D953BDDC1221884A005A6BEC /* NSData+AES256.m in Sources */ = {isa = PBXBuildFile; fileRef = D953BDD71221884A005A6BEC /* NSData+AES256.m */; };
		D953BE3F122194F7005A6BEC /* NSData+Base64.h in Headers */ = {isa = PBXBuildFile; fileRef = D953BE3C122194F7005A6BEC /* NSData+Base64.h */; };
		D953BE40122194F7005A6BEC /* NSData+Base64.m in Sources */ = {isa = PBXBuildFile; fileRef = D953BE3D122194F7005A6BEC /* NSData+Base64.m */; };
		D953BE41122194F7005A6BEC /* NSData+Base64.h in Headers */ = {isa = PBXBuildFile; fileRef = D953BE3C122194F7005A6BEC /* NSData+Base64.h */; };
		D953BE42122194F7005A6BEC /* NSData+Base64.m in Sources */ = {isa = PBXBuildFile; fileRef = D953BE3D122194F7005A6BEC /* NSData+Base64.m */; };
		D9BB61EB12108403006F32AA /* YAJL.framework in Frameworks */ = {isa = PBXBuildFile; fileRef = D9BB61E712108403006F32AA /* YAJL.framework */; };
		D9BB61ED12108403006F32AA /* YAJL.framework in Frameworks */ = {isa = PBXBuildFile; fileRef = D9BB61E712108403006F32AA /* YAJL.framework */; };
		D9EAF00B13C365980089E9F7 /* nanotime.c in Sources */ = {isa = PBXBuildFile; fileRef = D9EAF00913C365980089E9F7 /* nanotime.c */; };
		D9EAF00C13C365980089E9F7 /* nanotime.c in Sources */ = {isa = PBXBuildFile; fileRef = D9EAF00913C365980089E9F7 /* nanotime.c */; };
		D9EAF00D13C365980089E9F7 /* nanotime.c in Sources */ = {isa = PBXBuildFile; fileRef = D9EAF00913C365980089E9F7 /* nanotime.c */; };
		D9EAF00E13C365980089E9F7 /* nanotime.h in Headers */ = {isa = PBXBuildFile; fileRef = D9EAF00A13C365980089E9F7 /* nanotime.h */; };
		D9EAF00F13C365980089E9F7 /* nanotime.h in Headers */ = {isa = PBXBuildFile; fileRef = D9EAF00A13C365980089E9F7 /* nanotime.h */; };
		D9EAF01413C365A10089E9F7 /* NSDate+Nanotime.h in Headers */ = {isa = PBXBuildFile; fileRef = D9EAF01013C365A10089E9F7 /* NSDate+Nanotime.h */; };
		D9EAF01513C365A10089E9F7 /* NSDate+Nanotime.h in Headers */ = {isa = PBXBuildFile; fileRef = D9EAF01013C365A10089E9F7 /* NSDate+Nanotime.h */; };
		D9EAF01613C365A10089E9F7 /* NSDate+Nanotime.m in Sources */ = {isa = PBXBuildFile; fileRef = D9EAF01113C365A10089E9F7 /* NSDate+Nanotime.m */; };
		D9EAF01713C365A10089E9F7 /* NSDate+Nanotime.m in Sources */ = {isa = PBXBuildFile; fileRef = D9EAF01113C365A10089E9F7 /* NSDate+Nanotime.m */; };
		D9EAF01813C365A10089E9F7 /* NSDate+Nanotime.m in Sources */ = {isa = PBXBuildFile; fileRef = D9EAF01113C365A10089E9F7 /* NSDate+Nanotime.m */; };
		D9EAF01913C365A10089E9F7 /* NSString+SHA.h in Headers */ = {isa = PBXBuildFile; fileRef = D9EAF01213C365A10089E9F7 /* NSString+SHA.h */; };
		D9EAF01A13C365A10089E9F7 /* NSString+SHA.h in Headers */ = {isa = PBXBuildFile; fileRef = D9EAF01213C365A10089E9F7 /* NSString+SHA.h */; };
		D9EAF01B13C365A10089E9F7 /* NSString+SHA.m in Sources */ = {isa = PBXBuildFile; fileRef = D9EAF01313C365A10089E9F7 /* NSString+SHA.m */; };
		D9EAF01C13C365A10089E9F7 /* NSString+SHA.m in Sources */ = {isa = PBXBuildFile; fileRef = D9EAF01313C365A10089E9F7 /* NSString+SHA.m */; };
		D9EAF01D13C365A10089E9F7 /* NSString+SHA.m in Sources */ = {isa = PBXBuildFile; fileRef = D9EAF01313C365A10089E9F7 /* NSString+SHA.m */; };
		D9EAF02A13C365C90089E9F7 /* DSAttribute.h in Headers */ = {isa = PBXBuildFile; fileRef = D9EAF01F13C365C90089E9F7 /* DSAttribute.h */; };
		D9EAF02B13C365C90089E9F7 /* DSAttribute.h in Headers */ = {isa = PBXBuildFile; fileRef = D9EAF01F13C365C90089E9F7 /* DSAttribute.h */; };
		D9EAF02C13C365C90089E9F7 /* DSAttribute.m in Sources */ = {isa = PBXBuildFile; fileRef = D9EAF02013C365C90089E9F7 /* DSAttribute.m */; };
		D9EAF02D13C365C90089E9F7 /* DSAttribute.m in Sources */ = {isa = PBXBuildFile; fileRef = D9EAF02013C365C90089E9F7 /* DSAttribute.m */; };
		D9EAF02E13C365C90089E9F7 /* DSAttribute.m in Sources */ = {isa = PBXBuildFile; fileRef = D9EAF02013C365C90089E9F7 /* DSAttribute.m */; };
		D9EAF02F13C365C90089E9F7 /* DSKey.h in Headers */ = {isa = PBXBuildFile; fileRef = D9EAF02113C365C90089E9F7 /* DSKey.h */; };
		D9EAF03013C365C90089E9F7 /* DSKey.h in Headers */ = {isa = PBXBuildFile; fileRef = D9EAF02113C365C90089E9F7 /* DSKey.h */; };
		D9EAF03113C365C90089E9F7 /* DSKey.m in Sources */ = {isa = PBXBuildFile; fileRef = D9EAF02213C365C90089E9F7 /* DSKey.m */; };
		D9EAF03213C365C90089E9F7 /* DSKey.m in Sources */ = {isa = PBXBuildFile; fileRef = D9EAF02213C365C90089E9F7 /* DSKey.m */; };
		D9EAF03313C365C90089E9F7 /* DSKey.m in Sources */ = {isa = PBXBuildFile; fileRef = D9EAF02213C365C90089E9F7 /* DSKey.m */; };
		D9EAF03413C365C90089E9F7 /* DSModel.h in Headers */ = {isa = PBXBuildFile; fileRef = D9EAF02313C365C90089E9F7 /* DSModel.h */; };
		D9EAF03513C365C90089E9F7 /* DSModel.h in Headers */ = {isa = PBXBuildFile; fileRef = D9EAF02313C365C90089E9F7 /* DSModel.h */; };
		D9EAF03613C365C90089E9F7 /* DSModel.m in Sources */ = {isa = PBXBuildFile; fileRef = D9EAF02413C365C90089E9F7 /* DSModel.m */; };
		D9EAF03713C365C90089E9F7 /* DSModel.m in Sources */ = {isa = PBXBuildFile; fileRef = D9EAF02413C365C90089E9F7 /* DSModel.m */; };
		D9EAF03813C365C90089E9F7 /* DSModel.m in Sources */ = {isa = PBXBuildFile; fileRef = D9EAF02413C365C90089E9F7 /* DSModel.m */; };
		D9EAF03913C365C90089E9F7 /* DSSerialRep.h in Headers */ = {isa = PBXBuildFile; fileRef = D9EAF02513C365C90089E9F7 /* DSSerialRep.h */; };
		D9EAF03A13C365C90089E9F7 /* DSSerialRep.h in Headers */ = {isa = PBXBuildFile; fileRef = D9EAF02513C365C90089E9F7 /* DSSerialRep.h */; };
		D9EAF03B13C365C90089E9F7 /* DSSerialRep.m in Sources */ = {isa = PBXBuildFile; fileRef = D9EAF02613C365C90089E9F7 /* DSSerialRep.m */; };
		D9EAF03C13C365C90089E9F7 /* DSSerialRep.m in Sources */ = {isa = PBXBuildFile; fileRef = D9EAF02613C365C90089E9F7 /* DSSerialRep.m */; };
		D9EAF03D13C365C90089E9F7 /* DSSerialRep.m in Sources */ = {isa = PBXBuildFile; fileRef = D9EAF02613C365C90089E9F7 /* DSSerialRep.m */; };
		D9EAF03E13C365C90089E9F7 /* DSVersion.h in Headers */ = {isa = PBXBuildFile; fileRef = D9EAF02713C365C90089E9F7 /* DSVersion.h */; };
		D9EAF03F13C365C90089E9F7 /* DSVersion.h in Headers */ = {isa = PBXBuildFile; fileRef = D9EAF02713C365C90089E9F7 /* DSVersion.h */; };
		D9EAF04013C365C90089E9F7 /* DSVersion.m in Sources */ = {isa = PBXBuildFile; fileRef = D9EAF02813C365C90089E9F7 /* DSVersion.m */; };
		D9EAF04113C365C90089E9F7 /* DSVersion.m in Sources */ = {isa = PBXBuildFile; fileRef = D9EAF02813C365C90089E9F7 /* DSVersion.m */; };
		D9EAF04213C365C90089E9F7 /* DSVersion.m in Sources */ = {isa = PBXBuildFile; fileRef = D9EAF02813C365C90089E9F7 /* DSVersion.m */; };
		D9EAF04313C365C90089E9F7 /* iDrone.h in Headers */ = {isa = PBXBuildFile; fileRef = D9EAF02913C365C90089E9F7 /* iDrone.h */; };
		D9EAF04413C365C90089E9F7 /* iDrone.h in Headers */ = {isa = PBXBuildFile; fileRef = D9EAF02913C365C90089E9F7 /* iDrone.h */; };
		D9EAF04A13C365F60089E9F7 /* test_attribute.m in Sources */ = {isa = PBXBuildFile; fileRef = D9EAF04513C365F60089E9F7 /* test_attribute.m */; };
		D9EAF04B13C365F60089E9F7 /* test_key.m in Sources */ = {isa = PBXBuildFile; fileRef = D9EAF04613C365F60089E9F7 /* test_key.m */; };
		D9EAF04C13C365F60089E9F7 /* test_model.m in Sources */ = {isa = PBXBuildFile; fileRef = D9EAF04713C365F60089E9F7 /* test_model.m */; };
		D9EAF04D13C365F60089E9F7 /* test_serialrep.m in Sources */ = {isa = PBXBuildFile; fileRef = D9EAF04813C365F60089E9F7 /* test_serialrep.m */; };
		D9EAF04E13C365F60089E9F7 /* test_version.m in Sources */ = {isa = PBXBuildFile; fileRef = D9EAF04913C365F60089E9F7 /* test_version.m */; };
		D9EAF05813C36DC90089E9F7 /* BsonNetwork.framework in Frameworks */ = {isa = PBXBuildFile; fileRef = D9EAF05713C36DC90089E9F7 /* BsonNetwork.framework */; };
		D9EAF05A13C36DD00089E9F7 /* BsonNetwork.framework in Frameworks */ = {isa = PBXBuildFile; fileRef = D9EAF05713C36DC90089E9F7 /* BsonNetwork.framework */; };
		D9EAF05B13C36DD10089E9F7 /* BsonNetwork.framework in Frameworks */ = {isa = PBXBuildFile; fileRef = D9EAF05713C36DC90089E9F7 /* BsonNetwork.framework */; };
		D9EAF07E13C36EE70089E9F7 /* GHUnit.framework in Frameworks */ = {isa = PBXBuildFile; fileRef = D9EAF05C13C36E930089E9F7 /* GHUnit.framework */; };
		D9EAF08013C36F170089E9F7 /* Cocoa.framework in Frameworks */ = {isa = PBXBuildFile; fileRef = D9EAF07F13C36F170089E9F7 /* Cocoa.framework */; };
		D9EAF08213C36F550089E9F7 /* GHUnit.framework in CopyFiles */ = {isa = PBXBuildFile; fileRef = D9EAF05C13C36E930089E9F7 /* GHUnit.framework */; };
		D9EAF08B13C3705F0089E9F7 /* DSAttribute.m in Sources */ = {isa = PBXBuildFile; fileRef = D9EAF02013C365C90089E9F7 /* DSAttribute.m */; };
		D9EAF08C13C3705F0089E9F7 /* DSKey.m in Sources */ = {isa = PBXBuildFile; fileRef = D9EAF02213C365C90089E9F7 /* DSKey.m */; };
		D9EAF08D13C3705F0089E9F7 /* DSModel.m in Sources */ = {isa = PBXBuildFile; fileRef = D9EAF02413C365C90089E9F7 /* DSModel.m */; };
		D9EAF08E13C3705F0089E9F7 /* DSSerialRep.m in Sources */ = {isa = PBXBuildFile; fileRef = D9EAF02613C365C90089E9F7 /* DSSerialRep.m */; };
		D9EAF08F13C3705F0089E9F7 /* DSVersion.m in Sources */ = {isa = PBXBuildFile; fileRef = D9EAF02813C365C90089E9F7 /* DSVersion.m */; };
		D9EAF09013C3705F0089E9F7 /* test_attribute.m in Sources */ = {isa = PBXBuildFile; fileRef = D9EAF04513C365F60089E9F7 /* test_attribute.m */; };
		D9EAF09113C3705F0089E9F7 /* test_key.m in Sources */ = {isa = PBXBuildFile; fileRef = D9EAF04613C365F60089E9F7 /* test_key.m */; };
		D9EAF09213C3705F0089E9F7 /* test_model.m in Sources */ = {isa = PBXBuildFile; fileRef = D9EAF04713C365F60089E9F7 /* test_model.m */; };
		D9EAF09313C3705F0089E9F7 /* test_serialrep.m in Sources */ = {isa = PBXBuildFile; fileRef = D9EAF04813C365F60089E9F7 /* test_serialrep.m */; };
		D9EAF09413C3705F0089E9F7 /* test_version.m in Sources */ = {isa = PBXBuildFile; fileRef = D9EAF04913C365F60089E9F7 /* test_version.m */; };
		D9EAF09513C3707A0089E9F7 /* BsonNetwork.framework in Frameworks */ = {isa = PBXBuildFile; fileRef = D9EAF05713C36DC90089E9F7 /* BsonNetwork.framework */; };
		D9EAF09713C371D30089E9F7 /* GHUnitTestMain.m in Sources */ = {isa = PBXBuildFile; fileRef = D9EAF09613C371D30089E9F7 /* GHUnitTestMain.m */; };
		D9EAF09913C371F30089E9F7 /* GHUnitIOSTestMain.m in Sources */ = {isa = PBXBuildFile; fileRef = D9EAF09813C371F30089E9F7 /* GHUnitIOSTestMain.m */; };
		D9EAF09C13C374850089E9F7 /* DSMerge.h in Headers */ = {isa = PBXBuildFile; fileRef = D9EAF09A13C374830089E9F7 /* DSMerge.h */; };
		D9EAF09D13C374850089E9F7 /* DSMerge.h in Headers */ = {isa = PBXBuildFile; fileRef = D9EAF09A13C374830089E9F7 /* DSMerge.h */; };
		D9EAF09E13C374850089E9F7 /* DSMerge.m in Sources */ = {isa = PBXBuildFile; fileRef = D9EAF09B13C374840089E9F7 /* DSMerge.m */; };
		D9EAF09F13C374850089E9F7 /* DSMerge.m in Sources */ = {isa = PBXBuildFile; fileRef = D9EAF09B13C374840089E9F7 /* DSMerge.m */; };
		D9EAF0A013C374850089E9F7 /* DSMerge.m in Sources */ = {isa = PBXBuildFile; fileRef = D9EAF09B13C374840089E9F7 /* DSMerge.m */; };
		D9EAF0A113C374850089E9F7 /* DSMerge.m in Sources */ = {isa = PBXBuildFile; fileRef = D9EAF09B13C374840089E9F7 /* DSMerge.m */; };
		D9EAF0A313C3758B0089E9F7 /* CFNetwork.framework in Frameworks */ = {isa = PBXBuildFile; fileRef = D9EAF0A213C3758B0089E9F7 /* CFNetwork.framework */; };
		D9EAF0A413C3767E0089E9F7 /* nanotime.c in Sources */ = {isa = PBXBuildFile; fileRef = D9EAF00913C365980089E9F7 /* nanotime.c */; };
		D9EAF0A513C376860089E9F7 /* NSData+Base64.m in Sources */ = {isa = PBXBuildFile; fileRef = D953BE3D122194F7005A6BEC /* NSData+Base64.m */; };
		D9EAF0A613C376860089E9F7 /* NSData+AES256.m in Sources */ = {isa = PBXBuildFile; fileRef = D953BDD71221884A005A6BEC /* NSData+AES256.m */; };
		D9EAF0A713C376860089E9F7 /* NSDate+Nanotime.m in Sources */ = {isa = PBXBuildFile; fileRef = D9EAF01113C365A10089E9F7 /* NSDate+Nanotime.m */; };
		D9EAF0A813C376860089E9F7 /* NSString+SHA.m in Sources */ = {isa = PBXBuildFile; fileRef = D9EAF01313C365A10089E9F7 /* NSString+SHA.m */; };
		D9EAF0AD13C4FED40089E9F7 /* test_merge.m in Sources */ = {isa = PBXBuildFile; fileRef = D9EAF0AA13C4FED30089E9F7 /* test_merge.m */; };
		D9EAF0AE13C4FED40089E9F7 /* test_merge.m in Sources */ = {isa = PBXBuildFile; fileRef = D9EAF0AA13C4FED30089E9F7 /* test_merge.m */; };
		D9EAF0AF13C4FED40089E9F7 /* TestPerson.m in Sources */ = {isa = PBXBuildFile; fileRef = D9EAF0AC13C4FED40089E9F7 /* TestPerson.m */; };
		D9EAF0B013C4FED40089E9F7 /* TestPerson.m in Sources */ = {isa = PBXBuildFile; fileRef = D9EAF0AC13C4FED40089E9F7 /* TestPerson.m */; };
		D9EAF0B313C526BE0089E9F7 /* NSValue+ObjCTypeSize.h in Headers */ = {isa = PBXBuildFile; fileRef = D9EAF0B113C526BD0089E9F7 /* NSValue+ObjCTypeSize.h */; };
		D9EAF0B413C526BE0089E9F7 /* NSValue+ObjCTypeSize.h in Headers */ = {isa = PBXBuildFile; fileRef = D9EAF0B113C526BD0089E9F7 /* NSValue+ObjCTypeSize.h */; };
		D9EAF0B513C526BE0089E9F7 /* NSValue+ObjCTypeSize.m in Sources */ = {isa = PBXBuildFile; fileRef = D9EAF0B213C526BD0089E9F7 /* NSValue+ObjCTypeSize.m */; };
		D9EAF0B613C526BE0089E9F7 /* NSValue+ObjCTypeSize.m in Sources */ = {isa = PBXBuildFile; fileRef = D9EAF0B213C526BD0089E9F7 /* NSValue+ObjCTypeSize.m */; };
		D9EAF0B713C526BE0089E9F7 /* NSValue+ObjCTypeSize.m in Sources */ = {isa = PBXBuildFile; fileRef = D9EAF0B213C526BD0089E9F7 /* NSValue+ObjCTypeSize.m */; };
		D9EAF0B813C526BE0089E9F7 /* NSValue+ObjCTypeSize.m in Sources */ = {isa = PBXBuildFile; fileRef = D9EAF0B213C526BD0089E9F7 /* NSValue+ObjCTypeSize.m */; };
		D9EAF0BD13C62B7D0089E9F7 /* DSDatastore.h in Headers */ = {isa = PBXBuildFile; fileRef = D9EAF0B913C62B6E0089E9F7 /* DSDatastore.h */; };
		D9EAF0BE13C62B7D0089E9F7 /* DSDatastore.h in Headers */ = {isa = PBXBuildFile; fileRef = D9EAF0B913C62B6E0089E9F7 /* DSDatastore.h */; };
		D9EAF0BF13C62B7D0089E9F7 /* DSDatastore.m in Sources */ = {isa = PBXBuildFile; fileRef = D9EAF0BA13C62B700089E9F7 /* DSDatastore.m */; };
		D9EAF0C013C62B7D0089E9F7 /* DSDatastore.m in Sources */ = {isa = PBXBuildFile; fileRef = D9EAF0BA13C62B700089E9F7 /* DSDatastore.m */; };
		D9EAF0C113C62B7D0089E9F7 /* DSDatastore.m in Sources */ = {isa = PBXBuildFile; fileRef = D9EAF0BA13C62B700089E9F7 /* DSDatastore.m */; };
		D9EAF0C213C62B7D0089E9F7 /* DSDatastore.m in Sources */ = {isa = PBXBuildFile; fileRef = D9EAF0BA13C62B700089E9F7 /* DSDatastore.m */; };
		D9EAF0C313C62B7D0089E9F7 /* DSDrone.h in Headers */ = {isa = PBXBuildFile; fileRef = D9EAF0BB13C62B730089E9F7 /* DSDrone.h */; };
		D9EAF0C413C62B7D0089E9F7 /* DSDrone.h in Headers */ = {isa = PBXBuildFile; fileRef = D9EAF0BB13C62B730089E9F7 /* DSDrone.h */; };
		D9EAF0C513C62B7D0089E9F7 /* DSDrone.m in Sources */ = {isa = PBXBuildFile; fileRef = D9EAF0BC13C62B780089E9F7 /* DSDrone.m */; };
		D9EAF0C613C62B7D0089E9F7 /* DSDrone.m in Sources */ = {isa = PBXBuildFile; fileRef = D9EAF0BC13C62B780089E9F7 /* DSDrone.m */; };
		D9EAF0C713C62B7D0089E9F7 /* DSDrone.m in Sources */ = {isa = PBXBuildFile; fileRef = D9EAF0BC13C62B780089E9F7 /* DSDrone.m */; };
		D9EAF0C813C62B7D0089E9F7 /* DSDrone.m in Sources */ = {isa = PBXBuildFile; fileRef = D9EAF0BC13C62B780089E9F7 /* DSDrone.m */; };
		D9EAF0CB13C62BA70089E9F7 /* test_datastore.m in Sources */ = {isa = PBXBuildFile; fileRef = D9EAF0C913C62BA60089E9F7 /* test_datastore.m */; };
		D9EAF0CC13C62BA70089E9F7 /* test_datastore.m in Sources */ = {isa = PBXBuildFile; fileRef = D9EAF0C913C62BA60089E9F7 /* test_datastore.m */; };
		D9EAF0CD13C62BA70089E9F7 /* test_drone.m in Sources */ = {isa = PBXBuildFile; fileRef = D9EAF0CA13C62BA70089E9F7 /* test_drone.m */; };
		D9EAF0CE13C62BA70089E9F7 /* test_drone.m in Sources */ = {isa = PBXBuildFile; fileRef = D9EAF0CA13C62BA70089E9F7 /* test_drone.m */; };
/* End PBXBuildFile section */

/* Begin PBXContainerItemProxy section */
		D9510B78117C3BD900288D3B /* PBXContainerItemProxy */ = {
			isa = PBXContainerItemProxy;
			containerPortal = 0867D690FE84028FC02AAC07 /* Project object */;
			proxyType = 1;
			remoteGlobalIDString = D2AAC07D0554694100DB518D;
			remoteInfo = "idrone device";
		};
		D9510B7A117C3BD900288D3B /* PBXContainerItemProxy */ = {
			isa = PBXContainerItemProxy;
			containerPortal = 0867D690FE84028FC02AAC07 /* Project object */;
			proxyType = 1;
			remoteGlobalIDString = D9510B49117C3B4B00288D3B;
			remoteInfo = "idrone sim";
		};
/* End PBXContainerItemProxy section */

/* Begin PBXCopyFilesBuildPhase section */
		D9EAF08113C36F4C0089E9F7 /* CopyFiles */ = {
			isa = PBXCopyFilesBuildPhase;
			buildActionMask = 2147483647;
			dstPath = "";
			dstSubfolderSpec = 10;
			files = (
				D9EAF08213C36F550089E9F7 /* GHUnit.framework in CopyFiles */,
			);
			runOnlyForDeploymentPostprocessing = 0;
		};
/* End PBXCopyFilesBuildPhase section */

/* Begin PBXFileReference section */
		AA747D9E0F9514B9006C5449 /* idrone_Prefix.pch */ = {isa = PBXFileReference; fileEncoding = 4; lastKnownFileType = sourcecode.c.h; path = idrone_Prefix.pch; sourceTree = "<group>"; };
		AACBBE490F95108600F1A2B1 /* Foundation.framework */ = {isa = PBXFileReference; lastKnownFileType = wrapper.framework; name = Foundation.framework; path = System/Library/Frameworks/Foundation.framework; sourceTree = SDKROOT; };
		D2AAC07E0554694100DB518D /* libiDrone.a */ = {isa = PBXFileReference; explicitFileType = archive.ar; includeInIndex = 0; path = libiDrone.a; sourceTree = BUILT_PRODUCTS_DIR; };
		D933724C1347283500C7FF19 /* GHUnitIOS.framework */ = {isa = PBXFileReference; lastKnownFileType = wrapper.framework; name = GHUnitIOS.framework; path = lib/GHUnitIOS.framework; sourceTree = "<group>"; };
		D9337320134740DF00C7FF19 /* GHTests.app */ = {isa = PBXFileReference; explicitFileType = wrapper.application; includeInIndex = 0; path = GHTests.app; sourceTree = BUILT_PRODUCTS_DIR; };
		D9337327134740DF00C7FF19 /* GHTests-Info.plist */ = {isa = PBXFileReference; lastKnownFileType = text.plist.xml; path = "GHTests-Info.plist"; sourceTree = "<group>"; };
		D9337329134740DF00C7FF19 /* en */ = {isa = PBXFileReference; lastKnownFileType = text.plist.strings; name = en; path = en.lproj/InfoPlist.strings; sourceTree = "<group>"; };
		D933732B134740DF00C7FF19 /* GHTests-Prefix.pch */ = {isa = PBXFileReference; lastKnownFileType = sourcecode.c.h; path = "GHTests-Prefix.pch"; sourceTree = "<group>"; };
		D951042D1174822000288D3B /* CoreGraphics.framework */ = {isa = PBXFileReference; lastKnownFileType = wrapper.framework; name = CoreGraphics.framework; path = System/Library/Frameworks/CoreGraphics.framework; sourceTree = SDKROOT; };
		D951042E1174822000288D3B /* UIKit.framework */ = {isa = PBXFileReference; lastKnownFileType = wrapper.framework; name = UIKit.framework; path = System/Library/Frameworks/UIKit.framework; sourceTree = SDKROOT; };
		D95106A01179098200288D3B /* FMDatabase.h */ = {isa = PBXFileReference; fileEncoding = 4; lastKnownFileType = sourcecode.c.h; path = FMDatabase.h; sourceTree = "<group>"; };
		D95106A11179098200288D3B /* FMDatabase.m */ = {isa = PBXFileReference; fileEncoding = 4; lastKnownFileType = sourcecode.c.objc; path = FMDatabase.m; sourceTree = "<group>"; };
		D95106A21179098200288D3B /* FMDatabaseAdditions.h */ = {isa = PBXFileReference; fileEncoding = 4; lastKnownFileType = sourcecode.c.h; path = FMDatabaseAdditions.h; sourceTree = "<group>"; };
		D95106A31179098200288D3B /* FMDatabaseAdditions.m */ = {isa = PBXFileReference; fileEncoding = 4; lastKnownFileType = sourcecode.c.objc; path = FMDatabaseAdditions.m; sourceTree = "<group>"; };
		D95106A51179098200288D3B /* FMResultSet.h */ = {isa = PBXFileReference; fileEncoding = 4; lastKnownFileType = sourcecode.c.h; path = FMResultSet.h; sourceTree = "<group>"; };
		D95106A61179098200288D3B /* FMResultSet.m */ = {isa = PBXFileReference; fileEncoding = 4; lastKnownFileType = sourcecode.c.objc; path = FMResultSet.m; sourceTree = "<group>"; };
		D951076411797CD300288D3B /* libsqlite3.0.dylib */ = {isa = PBXFileReference; lastKnownFileType = "compiled.mach-o.dylib"; name = libsqlite3.0.dylib; path = /usr/lib/libsqlite3.0.dylib; sourceTree = "<absolute>"; };
		D9510B6F117C3B4B00288D3B /* libiDrone.a */ = {isa = PBXFileReference; explicitFileType = archive.ar; includeInIndex = 0; path = libiDrone.a; sourceTree = BUILT_PRODUCTS_DIR; };
		D9510BE0117C472E00288D3B /* Framework.plist */ = {isa = PBXFileReference; fileEncoding = 4; lastKnownFileType = text.plist.xml; path = Framework.plist; sourceTree = "<group>"; };
		D9510BE9117C480C00288D3B /* framework.sh */ = {isa = PBXFileReference; fileEncoding = 4; lastKnownFileType = text.script.sh; path = framework.sh; sourceTree = "<group>"; };
		D953BDD61221884A005A6BEC /* NSData+AES256.h */ = {isa = PBXFileReference; fileEncoding = 4; lastKnownFileType = sourcecode.c.h; path = "NSData+AES256.h"; sourceTree = "<group>"; };
		D953BDD71221884A005A6BEC /* NSData+AES256.m */ = {isa = PBXFileReference; fileEncoding = 4; lastKnownFileType = sourcecode.c.objc; path = "NSData+AES256.m"; sourceTree = "<group>"; };
		D953BE3C122194F7005A6BEC /* NSData+Base64.h */ = {isa = PBXFileReference; fileEncoding = 4; lastKnownFileType = sourcecode.c.h; path = "NSData+Base64.h"; sourceTree = "<group>"; };
		D953BE3D122194F7005A6BEC /* NSData+Base64.m */ = {isa = PBXFileReference; fileEncoding = 4; lastKnownFileType = sourcecode.c.objc; path = "NSData+Base64.m"; sourceTree = "<group>"; };
		D9BB61E712108403006F32AA /* YAJL.framework */ = {isa = PBXFileReference; lastKnownFileType = wrapper.framework; name = YAJL.framework; path = lib/YAJL.framework; sourceTree = "<group>"; };
		D9EAF00913C365980089E9F7 /* nanotime.c */ = {isa = PBXFileReference; fileEncoding = 4; lastKnownFileType = sourcecode.c.c; path = nanotime.c; sourceTree = "<group>"; };
		D9EAF00A13C365980089E9F7 /* nanotime.h */ = {isa = PBXFileReference; fileEncoding = 4; lastKnownFileType = sourcecode.c.h; path = nanotime.h; sourceTree = "<group>"; };
		D9EAF01013C365A10089E9F7 /* NSDate+Nanotime.h */ = {isa = PBXFileReference; fileEncoding = 4; lastKnownFileType = sourcecode.c.h; path = "NSDate+Nanotime.h"; sourceTree = "<group>"; };
		D9EAF01113C365A10089E9F7 /* NSDate+Nanotime.m */ = {isa = PBXFileReference; fileEncoding = 4; lastKnownFileType = sourcecode.c.objc; path = "NSDate+Nanotime.m"; sourceTree = "<group>"; };
		D9EAF01213C365A10089E9F7 /* NSString+SHA.h */ = {isa = PBXFileReference; fileEncoding = 4; lastKnownFileType = sourcecode.c.h; path = "NSString+SHA.h"; sourceTree = "<group>"; };
		D9EAF01313C365A10089E9F7 /* NSString+SHA.m */ = {isa = PBXFileReference; fileEncoding = 4; lastKnownFileType = sourcecode.c.objc; path = "NSString+SHA.m"; sourceTree = "<group>"; };
		D9EAF01F13C365C90089E9F7 /* DSAttribute.h */ = {isa = PBXFileReference; fileEncoding = 4; lastKnownFileType = sourcecode.c.h; path = DSAttribute.h; sourceTree = "<group>"; };
		D9EAF02013C365C90089E9F7 /* DSAttribute.m */ = {isa = PBXFileReference; fileEncoding = 4; lastKnownFileType = sourcecode.c.objc; path = DSAttribute.m; sourceTree = "<group>"; };
		D9EAF02113C365C90089E9F7 /* DSKey.h */ = {isa = PBXFileReference; fileEncoding = 4; lastKnownFileType = sourcecode.c.h; path = DSKey.h; sourceTree = "<group>"; };
		D9EAF02213C365C90089E9F7 /* DSKey.m */ = {isa = PBXFileReference; fileEncoding = 4; lastKnownFileType = sourcecode.c.objc; path = DSKey.m; sourceTree = "<group>"; };
		D9EAF02313C365C90089E9F7 /* DSModel.h */ = {isa = PBXFileReference; fileEncoding = 4; lastKnownFileType = sourcecode.c.h; path = DSModel.h; sourceTree = "<group>"; };
		D9EAF02413C365C90089E9F7 /* DSModel.m */ = {isa = PBXFileReference; fileEncoding = 4; lastKnownFileType = sourcecode.c.objc; path = DSModel.m; sourceTree = "<group>"; };
		D9EAF02513C365C90089E9F7 /* DSSerialRep.h */ = {isa = PBXFileReference; fileEncoding = 4; lastKnownFileType = sourcecode.c.h; path = DSSerialRep.h; sourceTree = "<group>"; };
		D9EAF02613C365C90089E9F7 /* DSSerialRep.m */ = {isa = PBXFileReference; fileEncoding = 4; lastKnownFileType = sourcecode.c.objc; path = DSSerialRep.m; sourceTree = "<group>"; };
		D9EAF02713C365C90089E9F7 /* DSVersion.h */ = {isa = PBXFileReference; fileEncoding = 4; lastKnownFileType = sourcecode.c.h; path = DSVersion.h; sourceTree = "<group>"; };
		D9EAF02813C365C90089E9F7 /* DSVersion.m */ = {isa = PBXFileReference; fileEncoding = 4; lastKnownFileType = sourcecode.c.objc; path = DSVersion.m; sourceTree = "<group>"; };
		D9EAF02913C365C90089E9F7 /* iDrone.h */ = {isa = PBXFileReference; fileEncoding = 4; lastKnownFileType = sourcecode.c.h; path = iDrone.h; sourceTree = "<group>"; };
		D9EAF04513C365F60089E9F7 /* test_attribute.m */ = {isa = PBXFileReference; fileEncoding = 4; lastKnownFileType = sourcecode.c.objc; path = test_attribute.m; sourceTree = "<group>"; };
		D9EAF04613C365F60089E9F7 /* test_key.m */ = {isa = PBXFileReference; fileEncoding = 4; lastKnownFileType = sourcecode.c.objc; path = test_key.m; sourceTree = "<group>"; };
		D9EAF04713C365F60089E9F7 /* test_model.m */ = {isa = PBXFileReference; fileEncoding = 4; lastKnownFileType = sourcecode.c.objc; path = test_model.m; sourceTree = "<group>"; };
		D9EAF04813C365F60089E9F7 /* test_serialrep.m */ = {isa = PBXFileReference; fileEncoding = 4; lastKnownFileType = sourcecode.c.objc; path = test_serialrep.m; sourceTree = "<group>"; };
		D9EAF04913C365F60089E9F7 /* test_version.m */ = {isa = PBXFileReference; fileEncoding = 4; lastKnownFileType = sourcecode.c.objc; path = test_version.m; sourceTree = "<group>"; };
		D9EAF05713C36DC90089E9F7 /* BsonNetwork.framework */ = {isa = PBXFileReference; lastKnownFileType = wrapper.framework; name = BsonNetwork.framework; path = lib/BsonNetwork.framework; sourceTree = "<group>"; };
		D9EAF05C13C36E930089E9F7 /* GHUnit.framework */ = {isa = PBXFileReference; lastKnownFileType = wrapper.framework; name = GHUnit.framework; path = lib/GHUnit.framework; sourceTree = "<group>"; };
		D9EAF06113C36EC80089E9F7 /* MacTests.app */ = {isa = PBXFileReference; explicitFileType = wrapper.application; includeInIndex = 0; path = MacTests.app; sourceTree = BUILT_PRODUCTS_DIR; };
		D9EAF07F13C36F170089E9F7 /* Cocoa.framework */ = {isa = PBXFileReference; lastKnownFileType = wrapper.framework; name = Cocoa.framework; path = SDKs/MacOSX10.6.sdk/System/Library/Frameworks/Cocoa.framework; sourceTree = DEVELOPER_DIR; };
		D9EAF08813C370170089E9F7 /* MacTests-Info.plist */ = {isa = PBXFileReference; fileEncoding = 4; lastKnownFileType = text.plist.xml; path = "MacTests-Info.plist"; sourceTree = "<group>"; };
		D9EAF08913C370170089E9F7 /* MacTests-Prefix.pch */ = {isa = PBXFileReference; fileEncoding = 4; lastKnownFileType = sourcecode.c.h; path = "MacTests-Prefix.pch"; sourceTree = "<group>"; };
		D9EAF09613C371D30089E9F7 /* GHUnitTestMain.m */ = {isa = PBXFileReference; fileEncoding = 4; lastKnownFileType = sourcecode.c.objc; path = GHUnitTestMain.m; sourceTree = "<group>"; };
		D9EAF09813C371F30089E9F7 /* GHUnitIOSTestMain.m */ = {isa = PBXFileReference; fileEncoding = 4; lastKnownFileType = sourcecode.c.objc; path = GHUnitIOSTestMain.m; sourceTree = "<group>"; };
		D9EAF09A13C374830089E9F7 /* DSMerge.h */ = {isa = PBXFileReference; fileEncoding = 4; lastKnownFileType = sourcecode.c.h; path = DSMerge.h; sourceTree = "<group>"; };
		D9EAF09B13C374840089E9F7 /* DSMerge.m */ = {isa = PBXFileReference; fileEncoding = 4; lastKnownFileType = sourcecode.c.objc; path = DSMerge.m; sourceTree = "<group>"; };
		D9EAF0A213C3758B0089E9F7 /* CFNetwork.framework */ = {isa = PBXFileReference; lastKnownFileType = wrapper.framework; name = CFNetwork.framework; path = System/Library/Frameworks/CFNetwork.framework; sourceTree = SDKROOT; };
		D9EAF0AA13C4FED30089E9F7 /* test_merge.m */ = {isa = PBXFileReference; fileEncoding = 4; lastKnownFileType = sourcecode.c.objc; path = test_merge.m; sourceTree = "<group>"; };
		D9EAF0AB13C4FED40089E9F7 /* TestPerson.h */ = {isa = PBXFileReference; fileEncoding = 4; lastKnownFileType = sourcecode.c.h; path = TestPerson.h; sourceTree = "<group>"; };
		D9EAF0AC13C4FED40089E9F7 /* TestPerson.m */ = {isa = PBXFileReference; fileEncoding = 4; lastKnownFileType = sourcecode.c.objc; path = TestPerson.m; sourceTree = "<group>"; };
		D9EAF0B113C526BD0089E9F7 /* NSValue+ObjCTypeSize.h */ = {isa = PBXFileReference; fileEncoding = 4; lastKnownFileType = sourcecode.c.h; path = "NSValue+ObjCTypeSize.h"; sourceTree = "<group>"; };
		D9EAF0B213C526BD0089E9F7 /* NSValue+ObjCTypeSize.m */ = {isa = PBXFileReference; fileEncoding = 4; lastKnownFileType = sourcecode.c.objc; path = "NSValue+ObjCTypeSize.m"; sourceTree = "<group>"; };
		D9EAF0B913C62B6E0089E9F7 /* DSDatastore.h */ = {isa = PBXFileReference; fileEncoding = 4; lastKnownFileType = sourcecode.c.h; path = DSDatastore.h; sourceTree = "<group>"; };
		D9EAF0BA13C62B700089E9F7 /* DSDatastore.m */ = {isa = PBXFileReference; fileEncoding = 4; lastKnownFileType = sourcecode.c.objc; path = DSDatastore.m; sourceTree = "<group>"; };
		D9EAF0BB13C62B730089E9F7 /* DSDrone.h */ = {isa = PBXFileReference; fileEncoding = 4; lastKnownFileType = sourcecode.c.h; path = DSDrone.h; sourceTree = "<group>"; };
		D9EAF0BC13C62B780089E9F7 /* DSDrone.m */ = {isa = PBXFileReference; fileEncoding = 4; lastKnownFileType = sourcecode.c.objc; path = DSDrone.m; sourceTree = "<group>"; };
		D9EAF0C913C62BA60089E9F7 /* test_datastore.m */ = {isa = PBXFileReference; fileEncoding = 4; lastKnownFileType = sourcecode.c.objc; path = test_datastore.m; sourceTree = "<group>"; };
		D9EAF0CA13C62BA70089E9F7 /* test_drone.m */ = {isa = PBXFileReference; fileEncoding = 4; lastKnownFileType = sourcecode.c.objc; path = test_drone.m; sourceTree = "<group>"; };
/* End PBXFileReference section */

/* Begin PBXFrameworksBuildPhase section */
		D2AAC07C0554694100DB518D /* Frameworks */ = {
			isa = PBXFrameworksBuildPhase;
			buildActionMask = 2147483647;
			files = (
				AACBBE4A0F95108600F1A2B1 /* Foundation.framework in Frameworks */,
				D9BB61ED12108403006F32AA /* YAJL.framework in Frameworks */,
				D933724D1347283500C7FF19 /* GHUnitIOS.framework in Frameworks */,
				D9EAF05813C36DC90089E9F7 /* BsonNetwork.framework in Frameworks */,
			);
			runOnlyForDeploymentPostprocessing = 0;
		};
		D933731D134740DF00C7FF19 /* Frameworks */ = {
			isa = PBXFrameworksBuildPhase;
			buildActionMask = 2147483647;
			files = (
				D9EAF0A313C3758B0089E9F7 /* CFNetwork.framework in Frameworks */,
				D9337322134740DF00C7FF19 /* UIKit.framework in Frameworks */,
				D9337323134740DF00C7FF19 /* Foundation.framework in Frameworks */,
				D9337324134740DF00C7FF19 /* CoreGraphics.framework in Frameworks */,
				D933733E1347411800C7FF19 /* GHUnitIOS.framework in Frameworks */,
				D93373521347419E00C7FF19 /* libsqlite3.0.dylib in Frameworks */,
				D93373531347421700C7FF19 /* YAJL.framework in Frameworks */,
				D9EAF05B13C36DD10089E9F7 /* BsonNetwork.framework in Frameworks */,
			);
			runOnlyForDeploymentPostprocessing = 0;
		};
		D9510B6A117C3B4B00288D3B /* Frameworks */ = {
			isa = PBXFrameworksBuildPhase;
			buildActionMask = 2147483647;
			files = (
				D9510B6B117C3B4B00288D3B /* Foundation.framework in Frameworks */,
				D9BB61EB12108403006F32AA /* YAJL.framework in Frameworks */,
				D933724E1347283500C7FF19 /* GHUnitIOS.framework in Frameworks */,
				D9EAF05A13C36DD00089E9F7 /* BsonNetwork.framework in Frameworks */,
			);
			runOnlyForDeploymentPostprocessing = 0;
		};
		D9EAF05E13C36EC80089E9F7 /* Frameworks */ = {
			isa = PBXFrameworksBuildPhase;
			buildActionMask = 2147483647;
			files = (
				D9EAF08013C36F170089E9F7 /* Cocoa.framework in Frameworks */,
				D9EAF07E13C36EE70089E9F7 /* GHUnit.framework in Frameworks */,
				D9EAF09513C3707A0089E9F7 /* BsonNetwork.framework in Frameworks */,
			);
			runOnlyForDeploymentPostprocessing = 0;
		};
/* End PBXFrameworksBuildPhase section */

/* Begin PBXGroup section */
		034768DFFF38A50411DB9C8B /* Products */ = {
			isa = PBXGroup;
			children = (
				D2AAC07E0554694100DB518D /* libiDrone.a */,
				D9510B6F117C3B4B00288D3B /* libiDrone.a */,
				D9337320134740DF00C7FF19 /* GHTests.app */,
				D9EAF06113C36EC80089E9F7 /* MacTests.app */,
			);
			name = Products;
			sourceTree = "<group>";
		};
		0867D691FE84028FC02AAC07 /* idrone */ = {
			isa = PBXGroup;
			children = (
				D9EAF01E13C365C90089E9F7 /* src */,
				D95103BB11747EAD00288D3B /* lib */,
				D95103B911747E8400288D3B /* test */,
				D9337325134740DF00C7FF19 /* GHTests */,
				0867D69AFE84028FC02AAC07 /* Frameworks */,
				034768DFFF38A50411DB9C8B /* Products */,
				D9510BDF117C470D00288D3B /* resources */,
			);
			name = idrone;
			sourceTree = "<group>";
		};
		0867D69AFE84028FC02AAC07 /* Frameworks */ = {
			isa = PBXGroup;
			children = (
				D9EAF0A213C3758B0089E9F7 /* CFNetwork.framework */,
				D9EAF05C13C36E930089E9F7 /* GHUnit.framework */,
				D9EAF05713C36DC90089E9F7 /* BsonNetwork.framework */,
				D933724C1347283500C7FF19 /* GHUnitIOS.framework */,
				D9BB61E712108403006F32AA /* YAJL.framework */,
				D9EAF07F13C36F170089E9F7 /* Cocoa.framework */,
				D951042D1174822000288D3B /* CoreGraphics.framework */,
				D951042E1174822000288D3B /* UIKit.framework */,
				AACBBE490F95108600F1A2B1 /* Foundation.framework */,
				D951076411797CD300288D3B /* libsqlite3.0.dylib */,
			);
			name = Frameworks;
			sourceTree = "<group>";
		};
		D9337325134740DF00C7FF19 /* GHTests */ = {
			isa = PBXGroup;
			children = (
				D9EAF08813C370170089E9F7 /* MacTests-Info.plist */,
				D9EAF08913C370170089E9F7 /* MacTests-Prefix.pch */,
				D9337327134740DF00C7FF19 /* GHTests-Info.plist */,
				D9337328134740DF00C7FF19 /* InfoPlist.strings */,
				D933732B134740DF00C7FF19 /* GHTests-Prefix.pch */,
			);
			path = GHTests;
			sourceTree = "<group>";
		};
		D95103B911747E8400288D3B /* test */ = {
			isa = PBXGroup;
			children = (
				D9EAF0AA13C4FED30089E9F7 /* test_merge.m */,
				D9EAF0AB13C4FED40089E9F7 /* TestPerson.h */,
				D9EAF0AC13C4FED40089E9F7 /* TestPerson.m */,
				D9EAF0C913C62BA60089E9F7 /* test_datastore.m */,
				D9EAF0CA13C62BA70089E9F7 /* test_drone.m */,
				D9EAF04513C365F60089E9F7 /* test_attribute.m */,
				D9EAF04613C365F60089E9F7 /* test_key.m */,
				D9EAF04713C365F60089E9F7 /* test_model.m */,
				D9EAF04813C365F60089E9F7 /* test_serialrep.m */,
				D9EAF04913C365F60089E9F7 /* test_version.m */,
			);
			path = test;
			sourceTree = "<group>";
		};
		D95103BB11747EAD00288D3B /* lib */ = {
			isa = PBXGroup;
			children = (
				D9EAF0B113C526BD0089E9F7 /* NSValue+ObjCTypeSize.h */,
				D9EAF0B213C526BD0089E9F7 /* NSValue+ObjCTypeSize.m */,
				D9EAF09613C371D30089E9F7 /* GHUnitTestMain.m */,
				D9EAF09813C371F30089E9F7 /* GHUnitIOSTestMain.m */,
				D953BE3C122194F7005A6BEC /* NSData+Base64.h */,
				D9EAF00913C365980089E9F7 /* nanotime.c */,
				D9EAF00A13C365980089E9F7 /* nanotime.h */,
				D953BE3D122194F7005A6BEC /* NSData+Base64.m */,
				D953BDD61221884A005A6BEC /* NSData+AES256.h */,
				D953BDD71221884A005A6BEC /* NSData+AES256.m */,
				D9EAF01013C365A10089E9F7 /* NSDate+Nanotime.h */,
				D9EAF01113C365A10089E9F7 /* NSDate+Nanotime.m */,
				D9EAF01213C365A10089E9F7 /* NSString+SHA.h */,
				D9EAF01313C365A10089E9F7 /* NSString+SHA.m */,
				D951069D1179098200288D3B /* fmdb */,
			);
			includeInIndex = 1;
			path = lib;
			sourceTree = "<group>";
		};
		D951069D1179098200288D3B /* fmdb */ = {
			isa = PBXGroup;
			children = (
				D95106A01179098200288D3B /* FMDatabase.h */,
				D95106A11179098200288D3B /* FMDatabase.m */,
				D95106A21179098200288D3B /* FMDatabaseAdditions.h */,
				D95106A31179098200288D3B /* FMDatabaseAdditions.m */,
				D95106A51179098200288D3B /* FMResultSet.h */,
				D95106A61179098200288D3B /* FMResultSet.m */,
			);
			path = fmdb;
			sourceTree = "<group>";
		};
		D9510BDF117C470D00288D3B /* resources */ = {
			isa = PBXGroup;
			children = (
				AA747D9E0F9514B9006C5449 /* idrone_Prefix.pch */,
				D9510BE0117C472E00288D3B /* Framework.plist */,
				D9510BE9117C480C00288D3B /* framework.sh */,
			);
			path = resources;
			sourceTree = "<group>";
		};
		D9EAF01E13C365C90089E9F7 /* src */ = {
			isa = PBXGroup;
			children = (
				D9EAF01F13C365C90089E9F7 /* DSAttribute.h */,
				D9EAF02013C365C90089E9F7 /* DSAttribute.m */,
				D9EAF02113C365C90089E9F7 /* DSKey.h */,
				D9EAF02213C365C90089E9F7 /* DSKey.m */,
				D9EAF0B913C62B6E0089E9F7 /* DSDatastore.h */,
				D9EAF0BA13C62B700089E9F7 /* DSDatastore.m */,
				D9EAF0BB13C62B730089E9F7 /* DSDrone.h */,
				D9EAF0BC13C62B780089E9F7 /* DSDrone.m */,
				D9EAF02313C365C90089E9F7 /* DSModel.h */,
				D9EAF02413C365C90089E9F7 /* DSModel.m */,
				D9EAF09A13C374830089E9F7 /* DSMerge.h */,
				D9EAF09B13C374840089E9F7 /* DSMerge.m */,
				D9EAF02513C365C90089E9F7 /* DSSerialRep.h */,
				D9EAF02613C365C90089E9F7 /* DSSerialRep.m */,
				D9EAF02713C365C90089E9F7 /* DSVersion.h */,
				D9EAF02813C365C90089E9F7 /* DSVersion.m */,
				D9EAF02913C365C90089E9F7 /* iDrone.h */,
			);
			path = src;
			sourceTree = "<group>";
		};
/* End PBXGroup section */

/* Begin PBXHeadersBuildPhase section */
		D2AAC07A0554694100DB518D /* Headers */ = {
			isa = PBXHeadersBuildPhase;
			buildActionMask = 2147483647;
			files = (
				AA747D9F0F9514B9006C5449 /* idrone_Prefix.pch in Headers */,
				D95106C71179098200288D3B /* FMDatabase.h in Headers */,
				D95106C91179098200288D3B /* FMDatabaseAdditions.h in Headers */,
				D95106CC1179098200288D3B /* FMResultSet.h in Headers */,
				D953BDDB1221884A005A6BEC /* NSData+AES256.h in Headers */,
				D953BE41122194F7005A6BEC /* NSData+Base64.h in Headers */,
				D9EAF00E13C365980089E9F7 /* nanotime.h in Headers */,
				D9EAF01413C365A10089E9F7 /* NSDate+Nanotime.h in Headers */,
				D9EAF01913C365A10089E9F7 /* NSString+SHA.h in Headers */,
				D9EAF02A13C365C90089E9F7 /* DSAttribute.h in Headers */,
				D9EAF02F13C365C90089E9F7 /* DSKey.h in Headers */,
				D9EAF03413C365C90089E9F7 /* DSModel.h in Headers */,
				D9EAF03913C365C90089E9F7 /* DSSerialRep.h in Headers */,
				D9EAF03E13C365C90089E9F7 /* DSVersion.h in Headers */,
				D9EAF04313C365C90089E9F7 /* iDrone.h in Headers */,
				D9EAF09C13C374850089E9F7 /* DSMerge.h in Headers */,
				D9EAF0B313C526BE0089E9F7 /* NSValue+ObjCTypeSize.h in Headers */,
				D9EAF0BD13C62B7D0089E9F7 /* DSDatastore.h in Headers */,
				D9EAF0C313C62B7D0089E9F7 /* DSDrone.h in Headers */,
			);
			runOnlyForDeploymentPostprocessing = 0;
		};
		D9510B4A117C3B4B00288D3B /* Headers */ = {
			isa = PBXHeadersBuildPhase;
			buildActionMask = 2147483647;
			files = (
				D9510B4B117C3B4B00288D3B /* idrone_Prefix.pch in Headers */,
				D9510B4F117C3B4B00288D3B /* FMDatabase.h in Headers */,
				D9510B50117C3B4B00288D3B /* FMDatabaseAdditions.h in Headers */,
				D9510B51117C3B4B00288D3B /* FMResultSet.h in Headers */,
				D953BDD91221884A005A6BEC /* NSData+AES256.h in Headers */,
				D953BE3F122194F7005A6BEC /* NSData+Base64.h in Headers */,
				D9EAF00F13C365980089E9F7 /* nanotime.h in Headers */,
				D9EAF01513C365A10089E9F7 /* NSDate+Nanotime.h in Headers */,
				D9EAF01A13C365A10089E9F7 /* NSString+SHA.h in Headers */,
				D9EAF02B13C365C90089E9F7 /* DSAttribute.h in Headers */,
				D9EAF03013C365C90089E9F7 /* DSKey.h in Headers */,
				D9EAF03513C365C90089E9F7 /* DSModel.h in Headers */,
				D9EAF03A13C365C90089E9F7 /* DSSerialRep.h in Headers */,
				D9EAF03F13C365C90089E9F7 /* DSVersion.h in Headers */,
				D9EAF04413C365C90089E9F7 /* iDrone.h in Headers */,
				D9EAF09D13C374850089E9F7 /* DSMerge.h in Headers */,
				D9EAF0B413C526BE0089E9F7 /* NSValue+ObjCTypeSize.h in Headers */,
				D9EAF0BE13C62B7D0089E9F7 /* DSDatastore.h in Headers */,
				D9EAF0C413C62B7D0089E9F7 /* DSDrone.h in Headers */,
			);
			runOnlyForDeploymentPostprocessing = 0;
		};
/* End PBXHeadersBuildPhase section */

/* Begin PBXNativeTarget section */
		D2AAC07D0554694100DB518D /* idrone device */ = {
			isa = PBXNativeTarget;
			buildConfigurationList = 1DEB921E08733DC00010E9CD /* Build configuration list for PBXNativeTarget "idrone device" */;
			buildPhases = (
				D2AAC07A0554694100DB518D /* Headers */,
				D2AAC07B0554694100DB518D /* Sources */,
				D2AAC07C0554694100DB518D /* Frameworks */,
			);
			buildRules = (
			);
			dependencies = (
			);
			name = "idrone device";
			productName = idrone;
			productReference = D2AAC07E0554694100DB518D /* libiDrone.a */;
			productType = "com.apple.product-type.library.static";
		};
		D933731F134740DF00C7FF19 /* GHTests */ = {
			isa = PBXNativeTarget;
			buildConfigurationList = D9337334134740DF00C7FF19 /* Build configuration list for PBXNativeTarget "GHTests" */;
			buildPhases = (
				D933731C134740DF00C7FF19 /* Sources */,
				D933731D134740DF00C7FF19 /* Frameworks */,
				D933731E134740DF00C7FF19 /* Resources */,
			);
			buildRules = (
			);
			dependencies = (
			);
			name = GHTests;
			productName = GHTests;
			productReference = D9337320134740DF00C7FF19 /* GHTests.app */;
			productType = "com.apple.product-type.application";
		};
		D9510B49117C3B4B00288D3B /* idrone sim */ = {
			isa = PBXNativeTarget;
			buildConfigurationList = D9510B6C117C3B4B00288D3B /* Build configuration list for PBXNativeTarget "idrone sim" */;
			buildPhases = (
				D9510B4A117C3B4B00288D3B /* Headers */,
				D9510B5B117C3B4B00288D3B /* Sources */,
				D9510B6A117C3B4B00288D3B /* Frameworks */,
			);
			buildRules = (
			);
			dependencies = (
			);
			name = "idrone sim";
			productName = idrone;
			productReference = D9510B6F117C3B4B00288D3B /* libiDrone.a */;
			productType = "com.apple.product-type.library.static";
		};
		D9EAF06013C36EC80089E9F7 /* MacTests */ = {
			isa = PBXNativeTarget;
			buildConfigurationList = D9EAF07B13C36EC80089E9F7 /* Build configuration list for PBXNativeTarget "MacTests" */;
			buildPhases = (
				D9EAF05D13C36EC80089E9F7 /* Sources */,
				D9EAF05E13C36EC80089E9F7 /* Frameworks */,
				D9EAF05F13C36EC80089E9F7 /* Resources */,
				D9EAF08113C36F4C0089E9F7 /* CopyFiles */,
			);
			buildRules = (
			);
			dependencies = (
			);
			name = MacTests;
			productName = MacTests;
			productReference = D9EAF06113C36EC80089E9F7 /* MacTests.app */;
			productType = "com.apple.product-type.application";
		};
/* End PBXNativeTarget section */

/* Begin PBXProject section */
		0867D690FE84028FC02AAC07 /* Project object */ = {
			isa = PBXProject;
			buildConfigurationList = 1DEB922208733DC00010E9CD /* Build configuration list for PBXProject "idrone2" */;
			compatibilityVersion = "Xcode 3.1";
			developmentRegion = English;
			hasScannedForEncodings = 1;
			knownRegions = (
				English,
				Japanese,
				French,
				German,
				en,
			);
			mainGroup = 0867D691FE84028FC02AAC07 /* idrone */;
			productRefGroup = 034768DFFF38A50411DB9C8B /* Products */;
			projectDirPath = "";
			projectRoot = "";
			targets = (
				D2AAC07D0554694100DB518D /* idrone device */,
				D9510B49117C3B4B00288D3B /* idrone sim */,
				D9510B73117C3BB700288D3B /* Build & Merge Libraries */,
				D933731F134740DF00C7FF19 /* GHTests */,
				D9EAF06013C36EC80089E9F7 /* MacTests */,
			);
		};
/* End PBXProject section */

/* Begin PBXResourcesBuildPhase section */
		D933731E134740DF00C7FF19 /* Resources */ = {
			isa = PBXResourcesBuildPhase;
			buildActionMask = 2147483647;
			files = (
				D933732A134740DF00C7FF19 /* InfoPlist.strings in Resources */,
			);
			runOnlyForDeploymentPostprocessing = 0;
		};
		D9EAF05F13C36EC80089E9F7 /* Resources */ = {
			isa = PBXResourcesBuildPhase;
			buildActionMask = 2147483647;
			files = (
			);
			runOnlyForDeploymentPostprocessing = 0;
		};
/* End PBXResourcesBuildPhase section */

/* Begin PBXShellScriptBuildPhase section */
		D9510C12117C4BC500288D3B /* ShellScript */ = {
			isa = PBXShellScriptBuildPhase;
			buildActionMask = 2147483647;
			files = (
			);
			inputPaths = (
			);
			outputPaths = (
			);
			runOnlyForDeploymentPostprocessing = 0;
			shellPath = /bin/sh;
			shellScript = "resources/framework.sh\n";
		};
/* End PBXShellScriptBuildPhase section */

/* Begin PBXSourcesBuildPhase section */
		D2AAC07B0554694100DB518D /* Sources */ = {
			isa = PBXSourcesBuildPhase;
			buildActionMask = 2147483647;
			files = (
				D95106C81179098200288D3B /* FMDatabase.m in Sources */,
				D95106CA1179098200288D3B /* FMDatabaseAdditions.m in Sources */,
				D95106CD1179098200288D3B /* FMResultSet.m in Sources */,
				D953BDDC1221884A005A6BEC /* NSData+AES256.m in Sources */,
				D953BE42122194F7005A6BEC /* NSData+Base64.m in Sources */,
				D9EAF00B13C365980089E9F7 /* nanotime.c in Sources */,
				D9EAF01613C365A10089E9F7 /* NSDate+Nanotime.m in Sources */,
				D9EAF01B13C365A10089E9F7 /* NSString+SHA.m in Sources */,
				D9EAF02C13C365C90089E9F7 /* DSAttribute.m in Sources */,
				D9EAF03113C365C90089E9F7 /* DSKey.m in Sources */,
				D9EAF03613C365C90089E9F7 /* DSModel.m in Sources */,
				D9EAF03B13C365C90089E9F7 /* DSSerialRep.m in Sources */,
				D9EAF04013C365C90089E9F7 /* DSVersion.m in Sources */,
				D9EAF09E13C374850089E9F7 /* DSMerge.m in Sources */,
				D9EAF0B513C526BE0089E9F7 /* NSValue+ObjCTypeSize.m in Sources */,
				D9EAF0BF13C62B7D0089E9F7 /* DSDatastore.m in Sources */,
				D9EAF0C513C62B7D0089E9F7 /* DSDrone.m in Sources */,
			);
			runOnlyForDeploymentPostprocessing = 0;
		};
		D933731C134740DF00C7FF19 /* Sources */ = {
			isa = PBXSourcesBuildPhase;
			buildActionMask = 2147483647;
			files = (
				D933733F1347411C00C7FF19 /* NSData+Base64.m in Sources */,
				D93373401347411C00C7FF19 /* NSData+AES256.m in Sources */,
				D933734F1347413500C7FF19 /* FMDatabase.m in Sources */,
				D93373501347413500C7FF19 /* FMDatabaseAdditions.m in Sources */,
				D93373511347413500C7FF19 /* FMResultSet.m in Sources */,
				D9EAF00D13C365980089E9F7 /* nanotime.c in Sources */,
				D9EAF01813C365A10089E9F7 /* NSDate+Nanotime.m in Sources */,
				D9EAF01D13C365A10089E9F7 /* NSString+SHA.m in Sources */,
				D9EAF02E13C365C90089E9F7 /* DSAttribute.m in Sources */,
				D9EAF03313C365C90089E9F7 /* DSKey.m in Sources */,
				D9EAF03813C365C90089E9F7 /* DSModel.m in Sources */,
				D9EAF03D13C365C90089E9F7 /* DSSerialRep.m in Sources */,
				D9EAF04213C365C90089E9F7 /* DSVersion.m in Sources */,
				D9EAF04A13C365F60089E9F7 /* test_attribute.m in Sources */,
				D9EAF04B13C365F60089E9F7 /* test_key.m in Sources */,
				D9EAF04C13C365F60089E9F7 /* test_model.m in Sources */,
				D9EAF04D13C365F60089E9F7 /* test_serialrep.m in Sources */,
				D9EAF04E13C365F60089E9F7 /* test_version.m in Sources */,
				D9EAF09913C371F30089E9F7 /* GHUnitIOSTestMain.m in Sources */,
				D9EAF0A013C374850089E9F7 /* DSMerge.m in Sources */,
				D9EAF0AD13C4FED40089E9F7 /* test_merge.m in Sources */,
				D9EAF0AF13C4FED40089E9F7 /* TestPerson.m in Sources */,
				D9EAF0B713C526BE0089E9F7 /* NSValue+ObjCTypeSize.m in Sources */,
				D9EAF0C113C62B7D0089E9F7 /* DSDatastore.m in Sources */,
				D9EAF0C713C62B7D0089E9F7 /* DSDrone.m in Sources */,
				D9EAF0CB13C62BA70089E9F7 /* test_datastore.m in Sources */,
				D9EAF0CD13C62BA70089E9F7 /* test_drone.m in Sources */,
			);
			runOnlyForDeploymentPostprocessing = 0;
		};
		D9510B5B117C3B4B00288D3B /* Sources */ = {
			isa = PBXSourcesBuildPhase;
			buildActionMask = 2147483647;
			files = (
				D9510B5F117C3B4B00288D3B /* FMDatabase.m in Sources */,
				D9510B60117C3B4B00288D3B /* FMDatabaseAdditions.m in Sources */,
				D9510B61117C3B4B00288D3B /* FMResultSet.m in Sources */,
				D953BDDA1221884A005A6BEC /* NSData+AES256.m in Sources */,
				D953BE40122194F7005A6BEC /* NSData+Base64.m in Sources */,
				D9EAF00C13C365980089E9F7 /* nanotime.c in Sources */,
				D9EAF01713C365A10089E9F7 /* NSDate+Nanotime.m in Sources */,
				D9EAF01C13C365A10089E9F7 /* NSString+SHA.m in Sources */,
				D9EAF02D13C365C90089E9F7 /* DSAttribute.m in Sources */,
				D9EAF03213C365C90089E9F7 /* DSKey.m in Sources */,
				D9EAF03713C365C90089E9F7 /* DSModel.m in Sources */,
				D9EAF03C13C365C90089E9F7 /* DSSerialRep.m in Sources */,
				D9EAF04113C365C90089E9F7 /* DSVersion.m in Sources */,
				D9EAF09F13C374850089E9F7 /* DSMerge.m in Sources */,
				D9EAF0B613C526BE0089E9F7 /* NSValue+ObjCTypeSize.m in Sources */,
				D9EAF0C013C62B7D0089E9F7 /* DSDatastore.m in Sources */,
				D9EAF0C613C62B7D0089E9F7 /* DSDrone.m in Sources */,
			);
			runOnlyForDeploymentPostprocessing = 0;
		};
		D9EAF05D13C36EC80089E9F7 /* Sources */ = {
			isa = PBXSourcesBuildPhase;
			buildActionMask = 2147483647;
			files = (
				D9EAF08B13C3705F0089E9F7 /* DSAttribute.m in Sources */,
				D9EAF08C13C3705F0089E9F7 /* DSKey.m in Sources */,
				D9EAF08D13C3705F0089E9F7 /* DSModel.m in Sources */,
				D9EAF08E13C3705F0089E9F7 /* DSSerialRep.m in Sources */,
				D9EAF08F13C3705F0089E9F7 /* DSVersion.m in Sources */,
				D9EAF09013C3705F0089E9F7 /* test_attribute.m in Sources */,
				D9EAF09113C3705F0089E9F7 /* test_key.m in Sources */,
				D9EAF09213C3705F0089E9F7 /* test_model.m in Sources */,
				D9EAF09313C3705F0089E9F7 /* test_serialrep.m in Sources */,
				D9EAF09413C3705F0089E9F7 /* test_version.m in Sources */,
				D9EAF09713C371D30089E9F7 /* GHUnitTestMain.m in Sources */,
				D9EAF0A113C374850089E9F7 /* DSMerge.m in Sources */,
				D9EAF0A413C3767E0089E9F7 /* nanotime.c in Sources */,
				D9EAF0A513C376860089E9F7 /* NSData+Base64.m in Sources */,
				D9EAF0A613C376860089E9F7 /* NSData+AES256.m in Sources */,
				D9EAF0A713C376860089E9F7 /* NSDate+Nanotime.m in Sources */,
				D9EAF0A813C376860089E9F7 /* NSString+SHA.m in Sources */,
				D9EAF0AE13C4FED40089E9F7 /* test_merge.m in Sources */,
				D9EAF0B013C4FED40089E9F7 /* TestPerson.m in Sources */,
				D9EAF0B813C526BE0089E9F7 /* NSValue+ObjCTypeSize.m in Sources */,
				D9EAF0C213C62B7D0089E9F7 /* DSDatastore.m in Sources */,
				D9EAF0C813C62B7D0089E9F7 /* DSDrone.m in Sources */,
				D9EAF0CC13C62BA70089E9F7 /* test_datastore.m in Sources */,
				D9EAF0CE13C62BA70089E9F7 /* test_drone.m in Sources */,
			);
			runOnlyForDeploymentPostprocessing = 0;
		};
/* End PBXSourcesBuildPhase section */

/* Begin PBXTargetDependency section */
		D9510B79117C3BD900288D3B /* PBXTargetDependency */ = {
			isa = PBXTargetDependency;
			target = D2AAC07D0554694100DB518D /* idrone device */;
			targetProxy = D9510B78117C3BD900288D3B /* PBXContainerItemProxy */;
		};
		D9510B7B117C3BD900288D3B /* PBXTargetDependency */ = {
			isa = PBXTargetDependency;
			target = D9510B49117C3B4B00288D3B /* idrone sim */;
			targetProxy = D9510B7A117C3BD900288D3B /* PBXContainerItemProxy */;
		};
/* End PBXTargetDependency section */

/* Begin PBXVariantGroup section */
		D9337328134740DF00C7FF19 /* InfoPlist.strings */ = {
			isa = PBXVariantGroup;
			children = (
				D9337329134740DF00C7FF19 /* en */,
			);
			name = InfoPlist.strings;
			sourceTree = "<group>";
		};
/* End PBXVariantGroup section */

/* Begin XCBuildConfiguration section */
		1DEB921F08733DC00010E9CD /* Debug */ = {
			isa = XCBuildConfiguration;
			buildSettings = {
				ALWAYS_SEARCH_USER_PATHS = NO;
				ARCHS = "$(ARCHS_STANDARD_32_BIT)";
				COPY_PHASE_STRIP = NO;
				DSTROOT = /tmp/idrone.dst;
				FRAMEWORK_SEARCH_PATHS = (
					"$(inherited)",
					"\"$(SRCROOT)/../../yajl-objc/Project-IPhone/build/Release-Framework\"",
					"\"$(SRCROOT)/lib\"",
					"\"$(SRCROOT)/build/build/Framework\"",
					"\"$(SRCROOT)/build/Framework\"",
					"\"$(SRCROOT)/resources/build/Framework\"",
				);
				GCC_DYNAMIC_NO_PIC = NO;
				GCC_ENABLE_FIX_AND_CONTINUE = YES;
				GCC_MODEL_TUNING = G5;
				GCC_OPTIMIZATION_LEVEL = 0;
				GCC_PRECOMPILE_PREFIX_HEADER = YES;
				GCC_PREFIX_HEADER = resources/idrone_Prefix.pch;
				INSTALL_PATH = /usr/local/lib;
				LIBRARY_SEARCH_PATHS = (
					"$(inherited)",
					"\"$(SRCROOT)/build/Debug-iphoneos\"",
					"\"$(SRCROOT)/build/Debug-iphonesimulator\"",
					"\"$(SRCROOT)/build/idrone.build/Debug-iphoneos/idrone device.build/Objects-normal/armv6\"",
					"\"$(SRCROOT)/build/idrone.build/Debug-iphoneos/idrone device.build/Objects-normal/armv7\"",
					"\"$(SRCROOT)/build/idrone.build/Debug-iphoneos/idrone sim.build/Objects-normal/armv6\"",
					"\"$(SRCROOT)/build/idrone.build/Debug-iphoneos/idrone sim.build/Objects-normal/armv7\"",
					"\"$(SRCROOT)/build/idrone.build/Release-iphoneos/idrone device.build/Objects-normal/armv6\"",
					"\"$(SRCROOT)/build/idrone.build/Release-iphoneos/idrone device.build/Objects-normal/armv7\"",
					"\"$(SRCROOT)/build/idrone.build/Release-iphoneos/idrone sim.build/Objects-normal/armv6\"",
					"\"$(SRCROOT)/build/idrone.build/Release-iphoneos/idrone sim.build/Objects-normal/armv7\"",
					"\"$(SRCROOT)/build/Release-iphoneos\"",
					"\"$(SRCROOT)/build/Release-iphonesimulator\"",
				);
				PRODUCT_NAME = iDrone;
				SDKROOT = iphoneos;
				SUPPORTED_PLATFORMS = iphoneos;
			};
			name = Debug;
		};
		1DEB922008733DC00010E9CD /* Release */ = {
			isa = XCBuildConfiguration;
			buildSettings = {
				ALWAYS_SEARCH_USER_PATHS = NO;
				ARCHS = "$(ARCHS_STANDARD_32_BIT)";
				DSTROOT = /tmp/idrone.dst;
				FRAMEWORK_SEARCH_PATHS = (
					"$(inherited)",
					"\"$(SRCROOT)/../../yajl-objc/Project-IPhone/build/Release-Framework\"",
					"\"$(SRCROOT)/lib\"",
					"\"$(SRCROOT)/build/build/Framework\"",
					"\"$(SRCROOT)/build/Framework\"",
					"\"$(SRCROOT)/resources/build/Framework\"",
				);
				GCC_MODEL_TUNING = G5;
				GCC_PRECOMPILE_PREFIX_HEADER = YES;
				GCC_PREFIX_HEADER = resources/idrone_Prefix.pch;
				INSTALL_PATH = /usr/local/lib;
				LIBRARY_SEARCH_PATHS = (
					"$(inherited)",
					"\"$(SRCROOT)/build/Debug-iphoneos\"",
					"\"$(SRCROOT)/build/Debug-iphonesimulator\"",
					"\"$(SRCROOT)/build/idrone.build/Debug-iphoneos/idrone device.build/Objects-normal/armv6\"",
					"\"$(SRCROOT)/build/idrone.build/Debug-iphoneos/idrone device.build/Objects-normal/armv7\"",
					"\"$(SRCROOT)/build/idrone.build/Debug-iphoneos/idrone sim.build/Objects-normal/armv6\"",
					"\"$(SRCROOT)/build/idrone.build/Debug-iphoneos/idrone sim.build/Objects-normal/armv7\"",
					"\"$(SRCROOT)/build/idrone.build/Release-iphoneos/idrone device.build/Objects-normal/armv6\"",
					"\"$(SRCROOT)/build/idrone.build/Release-iphoneos/idrone device.build/Objects-normal/armv7\"",
					"\"$(SRCROOT)/build/idrone.build/Release-iphoneos/idrone sim.build/Objects-normal/armv6\"",
					"\"$(SRCROOT)/build/idrone.build/Release-iphoneos/idrone sim.build/Objects-normal/armv7\"",
					"\"$(SRCROOT)/build/Release-iphoneos\"",
					"\"$(SRCROOT)/build/Release-iphonesimulator\"",
				);
				PRODUCT_NAME = iDrone;
				SDKROOT = iphoneos;
				SUPPORTED_PLATFORMS = iphoneos;
			};
			name = Release;
		};
		1DEB922308733DC00010E9CD /* Debug */ = {
			isa = XCBuildConfiguration;
			buildSettings = {
				ARCHS = "$(ARCHS_STANDARD_32_BIT)";
				GCC_C_LANGUAGE_STANDARD = c99;
				GCC_OPTIMIZATION_LEVEL = 0;
				GCC_WARN_ABOUT_RETURN_TYPE = YES;
				GCC_WARN_UNUSED_VARIABLE = YES;
				HEADER_SEARCH_PATHS = (
					include,
					"lib/*/Headers/",
				);
				IPHONEOS_DEPLOYMENT_TARGET = 3.0;
				ONLY_ACTIVE_ARCH = NO;
				OTHER_LDFLAGS = (
					"-all_load",
					"-ObjC",
				);
				PREBINDING = NO;
				SDKROOT = iphoneos;
			};
			name = Debug;
		};
		1DEB922408733DC00010E9CD /* Release */ = {
			isa = XCBuildConfiguration;
			buildSettings = {
				ARCHS = "$(ARCHS_STANDARD_32_BIT)";
				GCC_C_LANGUAGE_STANDARD = c99;
				GCC_WARN_ABOUT_RETURN_TYPE = YES;
				GCC_WARN_UNUSED_VARIABLE = YES;
				HEADER_SEARCH_PATHS = (
					include,
					"lib/*/Headers/",
				);
				IPHONEOS_DEPLOYMENT_TARGET = 3.0;
				ONLY_ACTIVE_ARCH = NO;
				OTHER_LDFLAGS = (
					"-all_load",
					"-ObjC",
				);
				PREBINDING = NO;
				SDKROOT = iphoneos;
			};
			name = Release;
		};
		D9337335134740DF00C7FF19 /* Debug */ = {
			isa = XCBuildConfiguration;
			buildSettings = {
				ALWAYS_SEARCH_USER_PATHS = NO;
				"CODE_SIGN_IDENTITY[sdk=iphoneos*]" = "iPhone Developer";
				COPY_PHASE_STRIP = NO;
				FRAMEWORK_SEARCH_PATHS = (
					"$(inherited)",
					"\"$(SRCROOT)/lib\"",
				);
				GCC_C_LANGUAGE_STANDARD = gnu99;
				GCC_DYNAMIC_NO_PIC = NO;
				GCC_PRECOMPILE_PREFIX_HEADER = YES;
				GCC_PREFIX_HEADER = "GHTests/GHTests-Prefix.pch";
				GCC_PREPROCESSOR_DEFINITIONS = DEBUG;
				GCC_SYMBOLS_PRIVATE_EXTERN = NO;
				GCC_VERSION = com.apple.compilers.llvmgcc42;
				INFOPLIST_FILE = "GHTests/GHTests-Info.plist";
				IPHONEOS_DEPLOYMENT_TARGET = 4.3;
				PRODUCT_NAME = "$(TARGET_NAME)";
				SDKROOT = iphoneos;
				WRAPPER_EXTENSION = app;
			};
			name = Debug;
		};
		D9337336134740DF00C7FF19 /* Release */ = {
			isa = XCBuildConfiguration;
			buildSettings = {
				ALWAYS_SEARCH_USER_PATHS = NO;
				"CODE_SIGN_IDENTITY[sdk=iphoneos*]" = "iPhone Developer";
				COPY_PHASE_STRIP = YES;
				FRAMEWORK_SEARCH_PATHS = (
					"$(inherited)",
					"\"$(SRCROOT)/lib\"",
				);
				GCC_C_LANGUAGE_STANDARD = gnu99;
				GCC_PRECOMPILE_PREFIX_HEADER = YES;
				GCC_PREFIX_HEADER = "GHTests/GHTests-Prefix.pch";
				GCC_VERSION = com.apple.compilers.llvmgcc42;
				INFOPLIST_FILE = "GHTests/GHTests-Info.plist";
				IPHONEOS_DEPLOYMENT_TARGET = 4.3;
				OTHER_CFLAGS = "-DNS_BLOCK_ASSERTIONS=1";
				PRODUCT_NAME = "$(TARGET_NAME)";
				VALIDATE_PRODUCT = YES;
				WRAPPER_EXTENSION = app;
			};
			name = Release;
		};
		D9510B6D117C3B4B00288D3B /* Debug */ = {
			isa = XCBuildConfiguration;
			buildSettings = {
				ALWAYS_SEARCH_USER_PATHS = NO;
				ARCHS = "$(ARCHS_STANDARD_32_BIT)";
				COPY_PHASE_STRIP = NO;
				DSTROOT = /tmp/idrone.dst;
				FRAMEWORK_SEARCH_PATHS = (
					"$(inherited)",
					"\"$(SRCROOT)/../../yajl-objc/Project-IPhone/build/Release-Framework\"",
					"\"$(SRCROOT)/lib\"",
					"\"$(SRCROOT)/build/build/Framework\"",
					"\"$(SRCROOT)/build/Framework\"",
					"\"$(SRCROOT)/resources/build/Framework\"",
				);
				GCC_DYNAMIC_NO_PIC = NO;
				GCC_ENABLE_FIX_AND_CONTINUE = YES;
				GCC_MODEL_TUNING = G5;
				GCC_OPTIMIZATION_LEVEL = 0;
				GCC_PRECOMPILE_PREFIX_HEADER = YES;
				GCC_PREFIX_HEADER = resources/idrone_Prefix.pch;
				INSTALL_PATH = /usr/local/lib;
				LIBRARY_SEARCH_PATHS = (
					"$(inherited)",
					"\"$(SRCROOT)/build/Debug-iphoneos\"",
					"\"$(SRCROOT)/build/Debug-iphonesimulator\"",
					"\"$(SRCROOT)/build/idrone.build/Debug-iphoneos/idrone device.build/Objects-normal/armv6\"",
					"\"$(SRCROOT)/build/idrone.build/Debug-iphoneos/idrone device.build/Objects-normal/armv7\"",
					"\"$(SRCROOT)/build/idrone.build/Debug-iphoneos/idrone sim.build/Objects-normal/armv6\"",
					"\"$(SRCROOT)/build/idrone.build/Debug-iphoneos/idrone sim.build/Objects-normal/armv7\"",
					"\"$(SRCROOT)/build/idrone.build/Release-iphoneos/idrone device.build/Objects-normal/armv6\"",
					"\"$(SRCROOT)/build/idrone.build/Release-iphoneos/idrone device.build/Objects-normal/armv7\"",
					"\"$(SRCROOT)/build/idrone.build/Release-iphoneos/idrone sim.build/Objects-normal/armv6\"",
					"\"$(SRCROOT)/build/idrone.build/Release-iphoneos/idrone sim.build/Objects-normal/armv7\"",
					"\"$(SRCROOT)/build/Release-iphoneos\"",
					"\"$(SRCROOT)/build/Release-iphonesimulator\"",
				);
				PRODUCT_NAME = iDrone;
				SDKROOT = iphoneos;
				SUPPORTED_PLATFORMS = iphonesimulator;
			};
			name = Debug;
		};
		D9510B6E117C3B4B00288D3B /* Release */ = {
			isa = XCBuildConfiguration;
			buildSettings = {
				ALWAYS_SEARCH_USER_PATHS = NO;
				ARCHS = "$(ARCHS_STANDARD_32_BIT)";
				DSTROOT = /tmp/idrone.dst;
				FRAMEWORK_SEARCH_PATHS = (
					"$(inherited)",
					"\"$(SRCROOT)/../../yajl-objc/Project-IPhone/build/Release-Framework\"",
					"\"$(SRCROOT)/lib\"",
					"\"$(SRCROOT)/build/build/Framework\"",
					"\"$(SRCROOT)/build/Framework\"",
					"\"$(SRCROOT)/resources/build/Framework\"",
				);
				GCC_MODEL_TUNING = G5;
				GCC_PRECOMPILE_PREFIX_HEADER = YES;
				GCC_PREFIX_HEADER = resources/idrone_Prefix.pch;
				INSTALL_PATH = /usr/local/lib;
				LIBRARY_SEARCH_PATHS = (
					"$(inherited)",
					"\"$(SRCROOT)/build/Debug-iphoneos\"",
					"\"$(SRCROOT)/build/Debug-iphonesimulator\"",
					"\"$(SRCROOT)/build/idrone.build/Debug-iphoneos/idrone device.build/Objects-normal/armv6\"",
					"\"$(SRCROOT)/build/idrone.build/Debug-iphoneos/idrone device.build/Objects-normal/armv7\"",
					"\"$(SRCROOT)/build/idrone.build/Debug-iphoneos/idrone sim.build/Objects-normal/armv6\"",
					"\"$(SRCROOT)/build/idrone.build/Debug-iphoneos/idrone sim.build/Objects-normal/armv7\"",
					"\"$(SRCROOT)/build/idrone.build/Release-iphoneos/idrone device.build/Objects-normal/armv6\"",
					"\"$(SRCROOT)/build/idrone.build/Release-iphoneos/idrone device.build/Objects-normal/armv7\"",
					"\"$(SRCROOT)/build/idrone.build/Release-iphoneos/idrone sim.build/Objects-normal/armv6\"",
					"\"$(SRCROOT)/build/idrone.build/Release-iphoneos/idrone sim.build/Objects-normal/armv7\"",
					"\"$(SRCROOT)/build/Release-iphoneos\"",
					"\"$(SRCROOT)/build/Release-iphonesimulator\"",
				);
				PRODUCT_NAME = iDrone;
				SDKROOT = iphoneos;
				SUPPORTED_PLATFORMS = iphonesimulator;
			};
			name = Release;
		};
		D9510B74117C3BB700288D3B /* Debug */ = {
			isa = XCBuildConfiguration;
			buildSettings = {
				COPY_PHASE_STRIP = NO;
				GCC_DYNAMIC_NO_PIC = NO;
				GCC_OPTIMIZATION_LEVEL = 0;
				PRODUCT_NAME = "Build & Merge Libraries";
				SDKROOT = iphoneos;
			};
			name = Debug;
		};
		D9510B75117C3BB700288D3B /* Release */ = {
			isa = XCBuildConfiguration;
			buildSettings = {
				COPY_PHASE_STRIP = YES;
				DEBUG_INFORMATION_FORMAT = "dwarf-with-dsym";
				GCC_ENABLE_FIX_AND_CONTINUE = NO;
				PRODUCT_NAME = "Build & Merge Libraries";
				ZERO_LINK = NO;
			};
			name = Release;
		};
		D9EAF07C13C36EC80089E9F7 /* Debug */ = {
			isa = XCBuildConfiguration;
			buildSettings = {
				ALWAYS_SEARCH_USER_PATHS = NO;
				ARCHS = "$(ARCHS_STANDARD_32_64_BIT)";
				COPY_PHASE_STRIP = NO;
				FRAMEWORK_SEARCH_PATHS = (
					"$(inherited)",
					"\"$(SRCROOT)/lib\"",
				);
				GCC_C_LANGUAGE_STANDARD = gnu99;
				GCC_DYNAMIC_NO_PIC = NO;
				GCC_ENABLE_OBJC_EXCEPTIONS = YES;
				GCC_PRECOMPILE_PREFIX_HEADER = YES;
				GCC_PREFIX_HEADER = "GHTests/MacTests-Prefix.pch";
				GCC_PREPROCESSOR_DEFINITIONS = DEBUG;
				GCC_SYMBOLS_PRIVATE_EXTERN = NO;
				GCC_VERSION = com.apple.compilers.llvm.clang.1_0;
				GCC_WARN_64_TO_32_BIT_CONVERSION = YES;
				INFOPLIST_FILE = "GHTests/MacTests-Info.plist";
				LD_RUNPATH_SEARCH_PATHS = "@loader_path/../Frameworks";
				MACOSX_DEPLOYMENT_TARGET = 10.6;
				ONLY_ACTIVE_ARCH = YES;
				PRODUCT_NAME = "$(TARGET_NAME)";
				SDKROOT = macosx;
				WRAPPER_EXTENSION = app;
			};
			name = Debug;
		};
		D9EAF07D13C36EC80089E9F7 /* Release */ = {
			isa = XCBuildConfiguration;
			buildSettings = {
				ALWAYS_SEARCH_USER_PATHS = NO;
				ARCHS = "$(ARCHS_STANDARD_32_64_BIT)";
				COPY_PHASE_STRIP = YES;
				DEBUG_INFORMATION_FORMAT = "dwarf-with-dsym";
				FRAMEWORK_SEARCH_PATHS = (
					"$(inherited)",
					"\"$(SRCROOT)/lib\"",
				);
				GCC_C_LANGUAGE_STANDARD = gnu99;
				GCC_ENABLE_OBJC_EXCEPTIONS = YES;
				GCC_PRECOMPILE_PREFIX_HEADER = YES;
				GCC_PREFIX_HEADER = "GHTests/MacTests-Prefix.pch";
				GCC_VERSION = com.apple.compilers.llvm.clang.1_0;
				GCC_WARN_64_TO_32_BIT_CONVERSION = YES;
				INFOPLIST_FILE = "GHTests/MacTests-Info.plist";
				LD_RUNPATH_SEARCH_PATHS = "@loader_path/../Frameworks";
				MACOSX_DEPLOYMENT_TARGET = 10.6;
				PRODUCT_NAME = "$(TARGET_NAME)";
				SDKROOT = macosx;
				WRAPPER_EXTENSION = app;
			};
			name = Release;
		};
/* End XCBuildConfiguration section */

/* Begin XCConfigurationList section */
		1DEB921E08733DC00010E9CD /* Build configuration list for PBXNativeTarget "idrone device" */ = {
			isa = XCConfigurationList;
			buildConfigurations = (
				1DEB921F08733DC00010E9CD /* Debug */,
				1DEB922008733DC00010E9CD /* Release */,
			);
			defaultConfigurationIsVisible = 0;
			defaultConfigurationName = Release;
		};
		1DEB922208733DC00010E9CD /* Build configuration list for PBXProject "idrone2" */ = {
			isa = XCConfigurationList;
			buildConfigurations = (
				1DEB922308733DC00010E9CD /* Debug */,
				1DEB922408733DC00010E9CD /* Release */,
			);
			defaultConfigurationIsVisible = 0;
			defaultConfigurationName = Release;
		};
		D9337334134740DF00C7FF19 /* Build configuration list for PBXNativeTarget "GHTests" */ = {
			isa = XCConfigurationList;
			buildConfigurations = (
				D9337335134740DF00C7FF19 /* Debug */,
				D9337336134740DF00C7FF19 /* Release */,
			);
			defaultConfigurationIsVisible = 0;
			defaultConfigurationName = Release;
		};
		D9510B6C117C3B4B00288D3B /* Build configuration list for PBXNativeTarget "idrone sim" */ = {
			isa = XCConfigurationList;
			buildConfigurations = (
				D9510B6D117C3B4B00288D3B /* Debug */,
				D9510B6E117C3B4B00288D3B /* Release */,
			);
			defaultConfigurationIsVisible = 0;
			defaultConfigurationName = Release;
		};
		D9510B77117C3BBB00288D3B /* Build configuration list for PBXAggregateTarget "Build & Merge Libraries" */ = {
			isa = XCConfigurationList;
			buildConfigurations = (
				D9510B74117C3BB700288D3B /* Debug */,
				D9510B75117C3BB700288D3B /* Release */,
			);
			defaultConfigurationIsVisible = 0;
			defaultConfigurationName = Release;
		};
		D9EAF07B13C36EC80089E9F7 /* Build configuration list for PBXNativeTarget "MacTests" */ = {
			isa = XCConfigurationList;
			buildConfigurations = (
				D9EAF07C13C36EC80089E9F7 /* Debug */,
				D9EAF07D13C36EC80089E9F7 /* Release */,
			);
			defaultConfigurationIsVisible = 0;
		};
/* End XCConfigurationList section */
	};
	rootObject = 0867D690FE84028FC02AAC07 /* Project object */;
}
