// !$*UTF8*$!
{
	archiveVersion = 1;
	classes = {
	};
	objectVersion = 45;
	objects = {

/* Begin PBXBuildFile section */
		D9337322134740DF00C7FF19 /* UIKit.framework in Frameworks */ = {isa = PBXBuildFile; fileRef = D951042E1174822000288D3B /* UIKit.framework */; };
		D9337323134740DF00C7FF19 /* Foundation.framework in Frameworks */ = {isa = PBXBuildFile; fileRef = AACBBE490F95108600F1A2B1 /* Foundation.framework */; };
		D9337324134740DF00C7FF19 /* CoreGraphics.framework in Frameworks */ = {isa = PBXBuildFile; fileRef = D951042D1174822000288D3B /* CoreGraphics.framework */; };
		D933732A134740DF00C7FF19 /* InfoPlist.strings in Resources */ = {isa = PBXBuildFile; fileRef = D9337328134740DF00C7FF19 /* InfoPlist.strings */; };
		D933733E1347411800C7FF19 /* GHUnitIOS.framework in Frameworks */ = {isa = PBXBuildFile; fileRef = D933724C1347283500C7FF19 /* GHUnitIOS.framework */; };
		D93373521347419E00C7FF19 /* libsqlite3.0.dylib in Frameworks */ = {isa = PBXBuildFile; fileRef = D951076411797CD300288D3B /* libsqlite3.0.dylib */; };
		D93373531347421700C7FF19 /* YAJL.framework in Frameworks */ = {isa = PBXBuildFile; fileRef = D9BB61E712108403006F32AA /* YAJL.framework */; };
		D93F849B13D2E2FB00181557 /* iDrone.framework in Frameworks */ = {isa = PBXBuildFile; fileRef = D96896F413D1DACE00B7392F /* iDrone.framework */; };
		D93F84B513D2E71100181557 /* iDrone.framework in CopyFiles */ = {isa = PBXBuildFile; fileRef = D96896F413D1DACE00B7392F /* iDrone.framework */; };
		D93F84B613D2F4D200181557 /* iDrone.framework in Frameworks */ = {isa = PBXBuildFile; fileRef = D96896F413D1DACE00B7392F /* iDrone.framework */; };
		D95C239413CBC329004BCE48 /* DSAttribute.h in Headers */ = {isa = PBXBuildFile; fileRef = D9EAF01F13C365C90089E9F7 /* DSAttribute.h */; settings = {ATTRIBUTES = (Public, ); }; };
		D95C239513CBC329004BCE48 /* DSAttribute.m in Sources */ = {isa = PBXBuildFile; fileRef = D9EAF02013C365C90089E9F7 /* DSAttribute.m */; };
		D95C239613CBC329004BCE48 /* DSKey.h in Headers */ = {isa = PBXBuildFile; fileRef = D9EAF02113C365C90089E9F7 /* DSKey.h */; settings = {ATTRIBUTES = (Public, ); }; };
		D95C239713CBC329004BCE48 /* DSComparable.h in Headers */ = {isa = PBXBuildFile; fileRef = D97AB78913CA418A006A65D3 /* DSComparable.h */; settings = {ATTRIBUTES = (Public, ); }; };
		D95C239813CBC329004BCE48 /* DSKey.m in Sources */ = {isa = PBXBuildFile; fileRef = D9EAF02213C365C90089E9F7 /* DSKey.m */; };
		D95C239913CBC329004BCE48 /* DSDatastore.h in Headers */ = {isa = PBXBuildFile; fileRef = D9EAF0B913C62B6E0089E9F7 /* DSDatastore.h */; settings = {ATTRIBUTES = (Public, ); }; };
		D95C239A13CBC329004BCE48 /* DSDatastore.m in Sources */ = {isa = PBXBuildFile; fileRef = D9EAF0BA13C62B700089E9F7 /* DSDatastore.m */; };
		D95C239B13CBC329004BCE48 /* DSFMDBDatastore.h in Headers */ = {isa = PBXBuildFile; fileRef = D97AB75C13C790E5006A65D3 /* DSFMDBDatastore.h */; settings = {ATTRIBUTES = (Public, ); }; };
		D95C239C13CBC329004BCE48 /* DSFMDBDatastore.m in Sources */ = {isa = PBXBuildFile; fileRef = D97AB75D13C790E5006A65D3 /* DSFMDBDatastore.m */; };
		D95C239D13CBC329004BCE48 /* DSDrone.h in Headers */ = {isa = PBXBuildFile; fileRef = D9EAF0BB13C62B730089E9F7 /* DSDrone.h */; settings = {ATTRIBUTES = (Public, ); }; };
		D95C239E13CBC329004BCE48 /* DSDrone.m in Sources */ = {isa = PBXBuildFile; fileRef = D9EAF0BC13C62B780089E9F7 /* DSDrone.m */; };
		D95C239F13CBC329004BCE48 /* DSModel.h in Headers */ = {isa = PBXBuildFile; fileRef = D9EAF02313C365C90089E9F7 /* DSModel.h */; settings = {ATTRIBUTES = (Public, ); }; };
		D95C23A013CBC329004BCE48 /* DSModel.m in Sources */ = {isa = PBXBuildFile; fileRef = D9EAF02413C365C90089E9F7 /* DSModel.m */; };
		D95C23A113CBC329004BCE48 /* DSMerge.h in Headers */ = {isa = PBXBuildFile; fileRef = D9EAF09A13C374830089E9F7 /* DSMerge.h */; settings = {ATTRIBUTES = (Public, ); }; };
		D95C23A213CBC329004BCE48 /* DSMerge.m in Sources */ = {isa = PBXBuildFile; fileRef = D9EAF09B13C374840089E9F7 /* DSMerge.m */; };
		D95C23A313CBC329004BCE48 /* DSSerialRep.h in Headers */ = {isa = PBXBuildFile; fileRef = D9EAF02513C365C90089E9F7 /* DSSerialRep.h */; settings = {ATTRIBUTES = (Public, ); }; };
		D95C23A413CBC329004BCE48 /* DSSerialRep.m in Sources */ = {isa = PBXBuildFile; fileRef = D9EAF02613C365C90089E9F7 /* DSSerialRep.m */; };
		D95C23A513CBC329004BCE48 /* DSVersion.h in Headers */ = {isa = PBXBuildFile; fileRef = D9EAF02713C365C90089E9F7 /* DSVersion.h */; settings = {ATTRIBUTES = (Public, ); }; };
		D95C23A613CBC329004BCE48 /* DSVersion.m in Sources */ = {isa = PBXBuildFile; fileRef = D9EAF02813C365C90089E9F7 /* DSVersion.m */; };
		D95C23A713CBC329004BCE48 /* DSCollection.h in Headers */ = {isa = PBXBuildFile; fileRef = D97AB76913CA2AC7006A65D3 /* DSCollection.h */; settings = {ATTRIBUTES = (Public, ); }; };
		D95C23A813CBC329004BCE48 /* DSCollection.m in Sources */ = {isa = PBXBuildFile; fileRef = D97AB76A13CA2AC8006A65D3 /* DSCollection.m */; };
		D95C23A913CBC329004BCE48 /* DSQuery.h in Headers */ = {isa = PBXBuildFile; fileRef = D97AB76B13CA2ACA006A65D3 /* DSQuery.h */; settings = {ATTRIBUTES = (Public, ); }; };
		D95C23AA13CBC329004BCE48 /* DSQuery.m in Sources */ = {isa = PBXBuildFile; fileRef = D97AB76C13CA2ACF006A65D3 /* DSQuery.m */; };
		D95C23AB13CBC329004BCE48 /* iDrone.h in Headers */ = {isa = PBXBuildFile; fileRef = D9EAF02913C365C90089E9F7 /* iDrone.h */; settings = {ATTRIBUTES = (Public, ); }; };
		D95C23AC13CBC34C004BCE48 /* NSValue+ObjCTypeSize.h in Headers */ = {isa = PBXBuildFile; fileRef = D9EAF0B113C526BD0089E9F7 /* NSValue+ObjCTypeSize.h */; settings = {ATTRIBUTES = (Public, ); }; };
		D95C23AD13CBC34C004BCE48 /* NSValue+ObjCTypeSize.m in Sources */ = {isa = PBXBuildFile; fileRef = D9EAF0B213C526BD0089E9F7 /* NSValue+ObjCTypeSize.m */; };
		D95C23B013CBC34C004BCE48 /* NSData+Base64.h in Headers */ = {isa = PBXBuildFile; fileRef = D953BE3C122194F7005A6BEC /* NSData+Base64.h */; settings = {ATTRIBUTES = (Public, ); }; };
		D95C23B313CBC34C004BCE48 /* NSData+Base64.m in Sources */ = {isa = PBXBuildFile; fileRef = D953BE3D122194F7005A6BEC /* NSData+Base64.m */; };
		D95C23B413CBC34C004BCE48 /* NSData+AES256.h in Headers */ = {isa = PBXBuildFile; fileRef = D953BDD61221884A005A6BEC /* NSData+AES256.h */; settings = {ATTRIBUTES = (Public, ); }; };
		D95C23B513CBC34C004BCE48 /* NSData+AES256.m in Sources */ = {isa = PBXBuildFile; fileRef = D953BDD71221884A005A6BEC /* NSData+AES256.m */; };
		D95C23B813CBC34C004BCE48 /* NSString+SHA.h in Headers */ = {isa = PBXBuildFile; fileRef = D9EAF01213C365A10089E9F7 /* NSString+SHA.h */; settings = {ATTRIBUTES = (Public, ); }; };
		D95C23B913CBC34C004BCE48 /* NSString+SHA.m in Sources */ = {isa = PBXBuildFile; fileRef = D9EAF01313C365A10089E9F7 /* NSString+SHA.m */; };
		D95C23BA13CBC34C004BCE48 /* FMDatabase.h in Headers */ = {isa = PBXBuildFile; fileRef = D95106A01179098200288D3B /* FMDatabase.h */; settings = {ATTRIBUTES = (Public, ); }; };
		D95C23BB13CBC34C004BCE48 /* FMDatabase.m in Sources */ = {isa = PBXBuildFile; fileRef = D95106A11179098200288D3B /* FMDatabase.m */; };
		D95C23BC13CBC34C004BCE48 /* FMDatabaseAdditions.h in Headers */ = {isa = PBXBuildFile; fileRef = D95106A21179098200288D3B /* FMDatabaseAdditions.h */; settings = {ATTRIBUTES = (Public, ); }; };
		D95C23BD13CBC34C004BCE48 /* FMDatabaseAdditions.m in Sources */ = {isa = PBXBuildFile; fileRef = D95106A31179098200288D3B /* FMDatabaseAdditions.m */; };
		D95C23BE13CBC34C004BCE48 /* FMResultSet.h in Headers */ = {isa = PBXBuildFile; fileRef = D95106A51179098200288D3B /* FMResultSet.h */; settings = {ATTRIBUTES = (Public, ); }; };
		D95C23BF13CBC34C004BCE48 /* FMResultSet.m in Sources */ = {isa = PBXBuildFile; fileRef = D95106A61179098200288D3B /* FMResultSet.m */; };
		D95C23C113CBC364004BCE48 /* bson-objc.framework in Frameworks */ = {isa = PBXBuildFile; fileRef = D97AB75713C75B1C006A65D3 /* bson-objc.framework */; };
		D95C23C813CBC864004BCE48 /* test_query.m in Sources */ = {isa = PBXBuildFile; fileRef = D97AB77C13CA2EC5006A65D3 /* test_query.m */; };
		D95C23C913CBC864004BCE48 /* test_collection.m in Sources */ = {isa = PBXBuildFile; fileRef = D97AB77913CA2EB5006A65D3 /* test_collection.m */; };
		D95C23CA13CBC864004BCE48 /* test_merge.m in Sources */ = {isa = PBXBuildFile; fileRef = D9EAF0AA13C4FED30089E9F7 /* test_merge.m */; };
		D95C23CB13CBC864004BCE48 /* TestPerson.m in Sources */ = {isa = PBXBuildFile; fileRef = D9EAF0AC13C4FED40089E9F7 /* TestPerson.m */; };
		D95C23CC13CBC864004BCE48 /* test_datastore.m in Sources */ = {isa = PBXBuildFile; fileRef = D9EAF0C913C62BA60089E9F7 /* test_datastore.m */; };
		D95C23CD13CBC864004BCE48 /* test_drone.m in Sources */ = {isa = PBXBuildFile; fileRef = D9EAF0CA13C62BA70089E9F7 /* test_drone.m */; };
		D95C23CE13CBC864004BCE48 /* test_attribute.m in Sources */ = {isa = PBXBuildFile; fileRef = D9EAF04513C365F60089E9F7 /* test_attribute.m */; };
		D95C23CF13CBC864004BCE48 /* test_key.m in Sources */ = {isa = PBXBuildFile; fileRef = D9EAF04613C365F60089E9F7 /* test_key.m */; };
		D95C23D013CBC864004BCE48 /* test_model.m in Sources */ = {isa = PBXBuildFile; fileRef = D9EAF04713C365F60089E9F7 /* test_model.m */; };
		D95C23D113CBC864004BCE48 /* test_serialrep.m in Sources */ = {isa = PBXBuildFile; fileRef = D9EAF04813C365F60089E9F7 /* test_serialrep.m */; };
		D95C23D213CBC864004BCE48 /* test_version.m in Sources */ = {isa = PBXBuildFile; fileRef = D9EAF04913C365F60089E9F7 /* test_version.m */; };
		D95C23D313CBC864004BCE48 /* test_query.m in Sources */ = {isa = PBXBuildFile; fileRef = D97AB77C13CA2EC5006A65D3 /* test_query.m */; };
		D95C23D413CBC864004BCE48 /* test_collection.m in Sources */ = {isa = PBXBuildFile; fileRef = D97AB77913CA2EB5006A65D3 /* test_collection.m */; };
		D95C23D513CBC864004BCE48 /* test_merge.m in Sources */ = {isa = PBXBuildFile; fileRef = D9EAF0AA13C4FED30089E9F7 /* test_merge.m */; };
		D95C23D613CBC864004BCE48 /* TestPerson.m in Sources */ = {isa = PBXBuildFile; fileRef = D9EAF0AC13C4FED40089E9F7 /* TestPerson.m */; };
		D95C23D713CBC864004BCE48 /* test_datastore.m in Sources */ = {isa = PBXBuildFile; fileRef = D9EAF0C913C62BA60089E9F7 /* test_datastore.m */; };
		D95C23D813CBC864004BCE48 /* test_drone.m in Sources */ = {isa = PBXBuildFile; fileRef = D9EAF0CA13C62BA70089E9F7 /* test_drone.m */; };
		D95C23D913CBC864004BCE48 /* test_attribute.m in Sources */ = {isa = PBXBuildFile; fileRef = D9EAF04513C365F60089E9F7 /* test_attribute.m */; };
		D95C23DA13CBC864004BCE48 /* test_key.m in Sources */ = {isa = PBXBuildFile; fileRef = D9EAF04613C365F60089E9F7 /* test_key.m */; };
		D95C23DB13CBC864004BCE48 /* test_model.m in Sources */ = {isa = PBXBuildFile; fileRef = D9EAF04713C365F60089E9F7 /* test_model.m */; };
		D95C23DC13CBC864004BCE48 /* test_serialrep.m in Sources */ = {isa = PBXBuildFile; fileRef = D9EAF04813C365F60089E9F7 /* test_serialrep.m */; };
		D95C23DD13CBC864004BCE48 /* test_version.m in Sources */ = {isa = PBXBuildFile; fileRef = D9EAF04913C365F60089E9F7 /* test_version.m */; };
		D95C23E913CBCB91004BCE48 /* GHUnitTestMain.m in Sources */ = {isa = PBXBuildFile; fileRef = D9EAF09613C371D30089E9F7 /* GHUnitTestMain.m */; };
		D95C23EA13CBCB94004BCE48 /* GHUnitIOSTestMain.m in Sources */ = {isa = PBXBuildFile; fileRef = D9EAF09813C371F30089E9F7 /* GHUnitIOSTestMain.m */; };
		D97AB75A13C75B1C006A65D3 /* bson-objc.framework in Frameworks */ = {isa = PBXBuildFile; fileRef = D97AB75713C75B1C006A65D3 /* bson-objc.framework */; };
		D97AB75B13C75B1C006A65D3 /* bson-objc.framework in Frameworks */ = {isa = PBXBuildFile; fileRef = D97AB75713C75B1C006A65D3 /* bson-objc.framework */; };
		D97AB76713C791EF006A65D3 /* libsqlite3.0.dylib in Frameworks */ = {isa = PBXBuildFile; fileRef = D951076411797CD300288D3B /* libsqlite3.0.dylib */; };
		D992DD96141CEA98009A98B0 /* nanotime.c in Sources */ = {isa = PBXBuildFile; fileRef = D992DD92141CEA98009A98B0 /* nanotime.c */; };
		D992DD97141CEA98009A98B0 /* nanotime.h in Headers */ = {isa = PBXBuildFile; fileRef = D992DD93141CEA98009A98B0 /* nanotime.h */; };
		D992DD98141CEA98009A98B0 /* NSDate+Nanotime.h in Headers */ = {isa = PBXBuildFile; fileRef = D992DD94141CEA98009A98B0 /* NSDate+Nanotime.h */; };
		D992DD99141CEA98009A98B0 /* NSDate+Nanotime.m in Sources */ = {isa = PBXBuildFile; fileRef = D992DD95141CEA98009A98B0 /* NSDate+Nanotime.m */; };
		D9CD42D313D1335300CA3D75 /* DSBNDatastore.h in Headers */ = {isa = PBXBuildFile; fileRef = D9CD42D113D1335200CA3D75 /* DSBNDatastore.h */; settings = {ATTRIBUTES = (Public, ); }; };
		D9CD42D413D1335300CA3D75 /* DSBNDatastore.m in Sources */ = {isa = PBXBuildFile; fileRef = D9CD42D213D1335200CA3D75 /* DSBNDatastore.m */; };
		D9CD42D613D1339400CA3D75 /* test_bndatastore.m in Sources */ = {isa = PBXBuildFile; fileRef = D9CD42D513D1339400CA3D75 /* test_bndatastore.m */; };
		D9CD42D713D1339400CA3D75 /* test_bndatastore.m in Sources */ = {isa = PBXBuildFile; fileRef = D9CD42D513D1339400CA3D75 /* test_bndatastore.m */; };
		D9CD42D913D1341000CA3D75 /* BsonNetwork.framework in Frameworks */ = {isa = PBXBuildFile; fileRef = D9CD42D813D1340F00CA3D75 /* BsonNetwork.framework */; };
		D9CD42DC13D15B4100CA3D75 /* BsonNetwork.framework in Frameworks */ = {isa = PBXBuildFile; fileRef = D9CD42D813D1340F00CA3D75 /* BsonNetwork.framework */; };
		D9EAF07E13C36EE70089E9F7 /* GHUnit.framework in Frameworks */ = {isa = PBXBuildFile; fileRef = D9EAF05C13C36E930089E9F7 /* GHUnit.framework */; };
		D9EAF08013C36F170089E9F7 /* Cocoa.framework in Frameworks */ = {isa = PBXBuildFile; fileRef = D9EAF07F13C36F170089E9F7 /* Cocoa.framework */; };
		D9EAF08213C36F550089E9F7 /* GHUnit.framework in CopyFiles */ = {isa = PBXBuildFile; fileRef = D9EAF05C13C36E930089E9F7 /* GHUnit.framework */; };
		D9EAF0A313C3758B0089E9F7 /* CFNetwork.framework in Frameworks */ = {isa = PBXBuildFile; fileRef = D9EAF0A213C3758B0089E9F7 /* CFNetwork.framework */; };
/* End PBXBuildFile section */

/* Begin PBXCopyFilesBuildPhase section */
		D9EAF08113C36F4C0089E9F7 /* CopyFiles */ = {
			isa = PBXCopyFilesBuildPhase;
			buildActionMask = 2147483647;
			dstPath = "";
			dstSubfolderSpec = 10;
			files = (
				D9EAF08213C36F550089E9F7 /* GHUnit.framework in CopyFiles */,
				D93F84B513D2E71100181557 /* iDrone.framework in CopyFiles */,
			);
			runOnlyForDeploymentPostprocessing = 0;
		};
/* End PBXCopyFilesBuildPhase section */

/* Begin PBXFileReference section */
		AA747D9E0F9514B9006C5449 /* idrone_Prefix.pch */ = {isa = PBXFileReference; fileEncoding = 4; lastKnownFileType = sourcecode.c.h; path = idrone_Prefix.pch; sourceTree = "<group>"; };
		AACBBE490F95108600F1A2B1 /* Foundation.framework */ = {isa = PBXFileReference; lastKnownFileType = wrapper.framework; name = Foundation.framework; path = System/Library/Frameworks/Foundation.framework; sourceTree = SDKROOT; };
		D933724C1347283500C7FF19 /* GHUnitIOS.framework */ = {isa = PBXFileReference; lastKnownFileType = wrapper.framework; name = GHUnitIOS.framework; path = lib/GHUnitIOS.framework; sourceTree = "<group>"; };
		D9337320134740DF00C7FF19 /* iDroneiOSTests.app */ = {isa = PBXFileReference; explicitFileType = wrapper.application; includeInIndex = 0; path = iDroneiOSTests.app; sourceTree = BUILT_PRODUCTS_DIR; };
		D9337327134740DF00C7FF19 /* GHTests-Info.plist */ = {isa = PBXFileReference; lastKnownFileType = text.plist.xml; path = "GHTests-Info.plist"; sourceTree = "<group>"; };
		D9337329134740DF00C7FF19 /* en */ = {isa = PBXFileReference; lastKnownFileType = text.plist.strings; name = en; path = en.lproj/InfoPlist.strings; sourceTree = "<group>"; };
		D933732B134740DF00C7FF19 /* GHTests-Prefix.pch */ = {isa = PBXFileReference; lastKnownFileType = sourcecode.c.h; path = "GHTests-Prefix.pch"; sourceTree = "<group>"; };
		D951042D1174822000288D3B /* CoreGraphics.framework */ = {isa = PBXFileReference; lastKnownFileType = wrapper.framework; name = CoreGraphics.framework; path = System/Library/Frameworks/CoreGraphics.framework; sourceTree = SDKROOT; };
		D951042E1174822000288D3B /* UIKit.framework */ = {isa = PBXFileReference; lastKnownFileType = wrapper.framework; name = UIKit.framework; path = System/Library/Frameworks/UIKit.framework; sourceTree = SDKROOT; };
		D95106A01179098200288D3B /* FMDatabase.h */ = {isa = PBXFileReference; fileEncoding = 4; lastKnownFileType = sourcecode.c.h; path = FMDatabase.h; sourceTree = "<group>"; };
		D95106A11179098200288D3B /* FMDatabase.m */ = {isa = PBXFileReference; fileEncoding = 4; lastKnownFileType = sourcecode.c.objc; path = FMDatabase.m; sourceTree = "<group>"; };
		D95106A21179098200288D3B /* FMDatabaseAdditions.h */ = {isa = PBXFileReference; fileEncoding = 4; lastKnownFileType = sourcecode.c.h; path = FMDatabaseAdditions.h; sourceTree = "<group>"; };
		D95106A31179098200288D3B /* FMDatabaseAdditions.m */ = {isa = PBXFileReference; fileEncoding = 4; lastKnownFileType = sourcecode.c.objc; path = FMDatabaseAdditions.m; sourceTree = "<group>"; };
		D95106A51179098200288D3B /* FMResultSet.h */ = {isa = PBXFileReference; fileEncoding = 4; lastKnownFileType = sourcecode.c.h; path = FMResultSet.h; sourceTree = "<group>"; };
		D95106A61179098200288D3B /* FMResultSet.m */ = {isa = PBXFileReference; fileEncoding = 4; lastKnownFileType = sourcecode.c.objc; path = FMResultSet.m; sourceTree = "<group>"; };
		D951076411797CD300288D3B /* libsqlite3.0.dylib */ = {isa = PBXFileReference; lastKnownFileType = "compiled.mach-o.dylib"; name = libsqlite3.0.dylib; path = /usr/lib/libsqlite3.0.dylib; sourceTree = "<absolute>"; };
		D9510BE0117C472E00288D3B /* Framework.plist */ = {isa = PBXFileReference; fileEncoding = 4; lastKnownFileType = text.plist.xml; path = Framework.plist; sourceTree = "<group>"; };
		D9510BE9117C480C00288D3B /* framework.sh */ = {isa = PBXFileReference; fileEncoding = 4; lastKnownFileType = text.script.sh; path = framework.sh; sourceTree = "<group>"; };
		D953BDD61221884A005A6BEC /* NSData+AES256.h */ = {isa = PBXFileReference; fileEncoding = 4; lastKnownFileType = sourcecode.c.h; path = "NSData+AES256.h"; sourceTree = "<group>"; };
		D953BDD71221884A005A6BEC /* NSData+AES256.m */ = {isa = PBXFileReference; fileEncoding = 4; lastKnownFileType = sourcecode.c.objc; path = "NSData+AES256.m"; sourceTree = "<group>"; };
		D953BE3C122194F7005A6BEC /* NSData+Base64.h */ = {isa = PBXFileReference; fileEncoding = 4; lastKnownFileType = sourcecode.c.h; path = "NSData+Base64.h"; sourceTree = "<group>"; };
		D953BE3D122194F7005A6BEC /* NSData+Base64.m */ = {isa = PBXFileReference; fileEncoding = 4; lastKnownFileType = sourcecode.c.objc; path = "NSData+Base64.m"; sourceTree = "<group>"; };
		D95C238513CBC241004BCE48 /* iDrone.framework */ = {isa = PBXFileReference; explicitFileType = wrapper.cfbundle; includeInIndex = 0; path = iDrone.framework; sourceTree = BUILT_PRODUCTS_DIR; };
		D95C23C213CBC456004BCE48 /* iDrone-Info.plist */ = {isa = PBXFileReference; lastKnownFileType = text.plist.xml; path = "iDrone-Info.plist"; sourceTree = "<group>"; };
		D95C23C313CBC456004BCE48 /* iDrone-Prefix.pch */ = {isa = PBXFileReference; lastKnownFileType = sourcecode.c.h; path = "iDrone-Prefix.pch"; sourceTree = "<group>"; };
		D95C23F113CBEF37004BCE48 /* iDrone.tar.gz */ = {isa = PBXFileReference; lastKnownFileType = archive.gzip; name = iDrone.tar.gz; path = release/iDrone.tar.gz; sourceTree = "<group>"; };
		D96896F413D1DACE00B7392F /* iDrone.framework */ = {isa = PBXFileReference; lastKnownFileType = wrapper.framework; name = iDrone.framework; path = release/iDrone.framework; sourceTree = "<group>"; };
		D97AB75713C75B1C006A65D3 /* bson-objc.framework */ = {isa = PBXFileReference; lastKnownFileType = wrapper.framework; path = "bson-objc.framework"; sourceTree = "<group>"; };
		D97AB75C13C790E5006A65D3 /* DSFMDBDatastore.h */ = {isa = PBXFileReference; fileEncoding = 4; lastKnownFileType = sourcecode.c.h; path = DSFMDBDatastore.h; sourceTree = "<group>"; };
		D97AB75D13C790E5006A65D3 /* DSFMDBDatastore.m */ = {isa = PBXFileReference; fileEncoding = 4; lastKnownFileType = sourcecode.c.objc; path = DSFMDBDatastore.m; sourceTree = "<group>"; };
		D97AB76913CA2AC7006A65D3 /* DSCollection.h */ = {isa = PBXFileReference; fileEncoding = 4; lastKnownFileType = sourcecode.c.h; path = DSCollection.h; sourceTree = "<group>"; };
		D97AB76A13CA2AC8006A65D3 /* DSCollection.m */ = {isa = PBXFileReference; fileEncoding = 4; lastKnownFileType = sourcecode.c.objc; path = DSCollection.m; sourceTree = "<group>"; };
		D97AB76B13CA2ACA006A65D3 /* DSQuery.h */ = {isa = PBXFileReference; fileEncoding = 4; lastKnownFileType = sourcecode.c.h; path = DSQuery.h; sourceTree = "<group>"; };
		D97AB76C13CA2ACF006A65D3 /* DSQuery.m */ = {isa = PBXFileReference; fileEncoding = 4; lastKnownFileType = sourcecode.c.objc; path = DSQuery.m; sourceTree = "<group>"; };
		D97AB77913CA2EB5006A65D3 /* test_collection.m */ = {isa = PBXFileReference; fileEncoding = 4; lastKnownFileType = sourcecode.c.objc; path = test_collection.m; sourceTree = "<group>"; };
		D97AB77C13CA2EC5006A65D3 /* test_query.m */ = {isa = PBXFileReference; fileEncoding = 4; lastKnownFileType = sourcecode.c.objc; path = test_query.m; sourceTree = "<group>"; };
		D97AB78913CA418A006A65D3 /* DSComparable.h */ = {isa = PBXFileReference; fileEncoding = 4; lastKnownFileType = sourcecode.c.h; path = DSComparable.h; sourceTree = "<group>"; };
		D992DD92141CEA98009A98B0 /* nanotime.c */ = {isa = PBXFileReference; fileEncoding = 4; lastKnownFileType = sourcecode.c.c; path = nanotime.c; sourceTree = "<group>"; };
		D992DD93141CEA98009A98B0 /* nanotime.h */ = {isa = PBXFileReference; fileEncoding = 4; lastKnownFileType = sourcecode.c.h; path = nanotime.h; sourceTree = "<group>"; };
		D992DD94141CEA98009A98B0 /* NSDate+Nanotime.h */ = {isa = PBXFileReference; fileEncoding = 4; lastKnownFileType = sourcecode.c.h; path = "NSDate+Nanotime.h"; sourceTree = "<group>"; };
		D992DD95141CEA98009A98B0 /* NSDate+Nanotime.m */ = {isa = PBXFileReference; fileEncoding = 4; lastKnownFileType = sourcecode.c.objc; path = "NSDate+Nanotime.m"; sourceTree = "<group>"; };
		D9BB61E712108403006F32AA /* YAJL.framework */ = {isa = PBXFileReference; lastKnownFileType = wrapper.framework; name = YAJL.framework; path = lib/YAJL.framework; sourceTree = "<group>"; };
		D9CD42D113D1335200CA3D75 /* DSBNDatastore.h */ = {isa = PBXFileReference; fileEncoding = 4; lastKnownFileType = sourcecode.c.h; path = DSBNDatastore.h; sourceTree = "<group>"; };
		D9CD42D213D1335200CA3D75 /* DSBNDatastore.m */ = {isa = PBXFileReference; fileEncoding = 4; lastKnownFileType = sourcecode.c.objc; path = DSBNDatastore.m; sourceTree = "<group>"; };
		D9CD42D513D1339400CA3D75 /* test_bndatastore.m */ = {isa = PBXFileReference; fileEncoding = 4; lastKnownFileType = sourcecode.c.objc; path = test_bndatastore.m; sourceTree = "<group>"; };
		D9CD42D813D1340F00CA3D75 /* BsonNetwork.framework */ = {isa = PBXFileReference; lastKnownFileType = wrapper.framework; path = BsonNetwork.framework; sourceTree = "<group>"; };
		D9EAF01213C365A10089E9F7 /* NSString+SHA.h */ = {isa = PBXFileReference; fileEncoding = 4; lastKnownFileType = sourcecode.c.h; path = "NSString+SHA.h"; sourceTree = "<group>"; };
		D9EAF01313C365A10089E9F7 /* NSString+SHA.m */ = {isa = PBXFileReference; fileEncoding = 4; lastKnownFileType = sourcecode.c.objc; path = "NSString+SHA.m"; sourceTree = "<group>"; };
		D9EAF01F13C365C90089E9F7 /* DSAttribute.h */ = {isa = PBXFileReference; fileEncoding = 4; lastKnownFileType = sourcecode.c.h; path = DSAttribute.h; sourceTree = "<group>"; };
		D9EAF02013C365C90089E9F7 /* DSAttribute.m */ = {isa = PBXFileReference; fileEncoding = 4; lastKnownFileType = sourcecode.c.objc; path = DSAttribute.m; sourceTree = "<group>"; };
		D9EAF02113C365C90089E9F7 /* DSKey.h */ = {isa = PBXFileReference; fileEncoding = 4; lastKnownFileType = sourcecode.c.h; path = DSKey.h; sourceTree = "<group>"; };
		D9EAF02213C365C90089E9F7 /* DSKey.m */ = {isa = PBXFileReference; fileEncoding = 4; lastKnownFileType = sourcecode.c.objc; path = DSKey.m; sourceTree = "<group>"; };
		D9EAF02313C365C90089E9F7 /* DSModel.h */ = {isa = PBXFileReference; fileEncoding = 4; lastKnownFileType = sourcecode.c.h; path = DSModel.h; sourceTree = "<group>"; };
		D9EAF02413C365C90089E9F7 /* DSModel.m */ = {isa = PBXFileReference; fileEncoding = 4; lastKnownFileType = sourcecode.c.objc; path = DSModel.m; sourceTree = "<group>"; };
		D9EAF02513C365C90089E9F7 /* DSSerialRep.h */ = {isa = PBXFileReference; fileEncoding = 4; lastKnownFileType = sourcecode.c.h; path = DSSerialRep.h; sourceTree = "<group>"; };
		D9EAF02613C365C90089E9F7 /* DSSerialRep.m */ = {isa = PBXFileReference; fileEncoding = 4; lastKnownFileType = sourcecode.c.objc; path = DSSerialRep.m; sourceTree = "<group>"; };
		D9EAF02713C365C90089E9F7 /* DSVersion.h */ = {isa = PBXFileReference; fileEncoding = 4; lastKnownFileType = sourcecode.c.h; path = DSVersion.h; sourceTree = "<group>"; };
		D9EAF02813C365C90089E9F7 /* DSVersion.m */ = {isa = PBXFileReference; fileEncoding = 4; lastKnownFileType = sourcecode.c.objc; path = DSVersion.m; sourceTree = "<group>"; };
		D9EAF02913C365C90089E9F7 /* iDrone.h */ = {isa = PBXFileReference; fileEncoding = 4; lastKnownFileType = sourcecode.c.h; path = iDrone.h; sourceTree = "<group>"; };
		D9EAF04513C365F60089E9F7 /* test_attribute.m */ = {isa = PBXFileReference; fileEncoding = 4; lastKnownFileType = sourcecode.c.objc; path = test_attribute.m; sourceTree = "<group>"; };
		D9EAF04613C365F60089E9F7 /* test_key.m */ = {isa = PBXFileReference; fileEncoding = 4; lastKnownFileType = sourcecode.c.objc; path = test_key.m; sourceTree = "<group>"; };
		D9EAF04713C365F60089E9F7 /* test_model.m */ = {isa = PBXFileReference; fileEncoding = 4; lastKnownFileType = sourcecode.c.objc; path = test_model.m; sourceTree = "<group>"; };
		D9EAF04813C365F60089E9F7 /* test_serialrep.m */ = {isa = PBXFileReference; fileEncoding = 4; lastKnownFileType = sourcecode.c.objc; path = test_serialrep.m; sourceTree = "<group>"; };
		D9EAF04913C365F60089E9F7 /* test_version.m */ = {isa = PBXFileReference; fileEncoding = 4; lastKnownFileType = sourcecode.c.objc; path = test_version.m; sourceTree = "<group>"; };
		D9EAF05C13C36E930089E9F7 /* GHUnit.framework */ = {isa = PBXFileReference; lastKnownFileType = wrapper.framework; name = GHUnit.framework; path = lib/GHUnit.framework; sourceTree = "<group>"; };
		D9EAF06113C36EC80089E9F7 /* iDroneMacTests.app */ = {isa = PBXFileReference; explicitFileType = wrapper.application; includeInIndex = 0; path = iDroneMacTests.app; sourceTree = BUILT_PRODUCTS_DIR; };
		D9EAF07F13C36F170089E9F7 /* Cocoa.framework */ = {isa = PBXFileReference; lastKnownFileType = wrapper.framework; name = Cocoa.framework; path = SDKs/MacOSX10.6.sdk/System/Library/Frameworks/Cocoa.framework; sourceTree = DEVELOPER_DIR; };
		D9EAF08813C370170089E9F7 /* MacTests-Info.plist */ = {isa = PBXFileReference; fileEncoding = 4; lastKnownFileType = text.plist.xml; path = "MacTests-Info.plist"; sourceTree = "<group>"; };
		D9EAF08913C370170089E9F7 /* MacTests-Prefix.pch */ = {isa = PBXFileReference; fileEncoding = 4; lastKnownFileType = sourcecode.c.h; path = "MacTests-Prefix.pch"; sourceTree = "<group>"; };
		D9EAF09613C371D30089E9F7 /* GHUnitTestMain.m */ = {isa = PBXFileReference; fileEncoding = 4; lastKnownFileType = sourcecode.c.objc; path = GHUnitTestMain.m; sourceTree = "<group>"; };
		D9EAF09813C371F30089E9F7 /* GHUnitIOSTestMain.m */ = {isa = PBXFileReference; fileEncoding = 4; lastKnownFileType = sourcecode.c.objc; path = GHUnitIOSTestMain.m; sourceTree = "<group>"; };
		D9EAF09A13C374830089E9F7 /* DSMerge.h */ = {isa = PBXFileReference; fileEncoding = 4; lastKnownFileType = sourcecode.c.h; path = DSMerge.h; sourceTree = "<group>"; };
		D9EAF09B13C374840089E9F7 /* DSMerge.m */ = {isa = PBXFileReference; fileEncoding = 4; lastKnownFileType = sourcecode.c.objc; path = DSMerge.m; sourceTree = "<group>"; };
		D9EAF0A213C3758B0089E9F7 /* CFNetwork.framework */ = {isa = PBXFileReference; lastKnownFileType = wrapper.framework; name = CFNetwork.framework; path = System/Library/Frameworks/CFNetwork.framework; sourceTree = SDKROOT; };
		D9EAF0AA13C4FED30089E9F7 /* test_merge.m */ = {isa = PBXFileReference; fileEncoding = 4; lastKnownFileType = sourcecode.c.objc; path = test_merge.m; sourceTree = "<group>"; };
		D9EAF0AB13C4FED40089E9F7 /* TestPerson.h */ = {isa = PBXFileReference; fileEncoding = 4; lastKnownFileType = sourcecode.c.h; path = TestPerson.h; sourceTree = "<group>"; };
		D9EAF0AC13C4FED40089E9F7 /* TestPerson.m */ = {isa = PBXFileReference; fileEncoding = 4; lastKnownFileType = sourcecode.c.objc; path = TestPerson.m; sourceTree = "<group>"; };
		D9EAF0B113C526BD0089E9F7 /* NSValue+ObjCTypeSize.h */ = {isa = PBXFileReference; fileEncoding = 4; lastKnownFileType = sourcecode.c.h; path = "NSValue+ObjCTypeSize.h"; sourceTree = "<group>"; };
		D9EAF0B213C526BD0089E9F7 /* NSValue+ObjCTypeSize.m */ = {isa = PBXFileReference; fileEncoding = 4; lastKnownFileType = sourcecode.c.objc; path = "NSValue+ObjCTypeSize.m"; sourceTree = "<group>"; };
		D9EAF0B913C62B6E0089E9F7 /* DSDatastore.h */ = {isa = PBXFileReference; fileEncoding = 4; lastKnownFileType = sourcecode.c.h; path = DSDatastore.h; sourceTree = "<group>"; };
		D9EAF0BA13C62B700089E9F7 /* DSDatastore.m */ = {isa = PBXFileReference; fileEncoding = 4; lastKnownFileType = sourcecode.c.objc; path = DSDatastore.m; sourceTree = "<group>"; };
		D9EAF0BB13C62B730089E9F7 /* DSDrone.h */ = {isa = PBXFileReference; fileEncoding = 4; lastKnownFileType = sourcecode.c.h; path = DSDrone.h; sourceTree = "<group>"; };
		D9EAF0BC13C62B780089E9F7 /* DSDrone.m */ = {isa = PBXFileReference; fileEncoding = 4; lastKnownFileType = sourcecode.c.objc; path = DSDrone.m; sourceTree = "<group>"; };
		D9EAF0C913C62BA60089E9F7 /* test_datastore.m */ = {isa = PBXFileReference; fileEncoding = 4; lastKnownFileType = sourcecode.c.objc; path = test_datastore.m; sourceTree = "<group>"; };
		D9EAF0CA13C62BA70089E9F7 /* test_drone.m */ = {isa = PBXFileReference; fileEncoding = 4; lastKnownFileType = sourcecode.c.objc; path = test_drone.m; sourceTree = "<group>"; };
/* End PBXFileReference section */

/* Begin PBXFrameworksBuildPhase section */
		D933731D134740DF00C7FF19 /* Frameworks */ = {
			isa = PBXFrameworksBuildPhase;
			buildActionMask = 2147483647;
			files = (
				D9EAF0A313C3758B0089E9F7 /* CFNetwork.framework in Frameworks */,
				D9337322134740DF00C7FF19 /* UIKit.framework in Frameworks */,
				D9337323134740DF00C7FF19 /* Foundation.framework in Frameworks */,
				D9337324134740DF00C7FF19 /* CoreGraphics.framework in Frameworks */,
				D933733E1347411800C7FF19 /* GHUnitIOS.framework in Frameworks */,
				D93373521347419E00C7FF19 /* libsqlite3.0.dylib in Frameworks */,
				D93373531347421700C7FF19 /* YAJL.framework in Frameworks */,
				D97AB75A13C75B1C006A65D3 /* bson-objc.framework in Frameworks */,
				D93F84B613D2F4D200181557 /* iDrone.framework in Frameworks */,
				D9CD42D913D1341000CA3D75 /* BsonNetwork.framework in Frameworks */,
			);
			runOnlyForDeploymentPostprocessing = 0;
		};
		D95C23C013CBC35C004BCE48 /* Frameworks */ = {
			isa = PBXFrameworksBuildPhase;
			buildActionMask = 2147483647;
			files = (
				D95C23C113CBC364004BCE48 /* bson-objc.framework in Frameworks */,
			);
			runOnlyForDeploymentPostprocessing = 0;
		};
		D9EAF05E13C36EC80089E9F7 /* Frameworks */ = {
			isa = PBXFrameworksBuildPhase;
			buildActionMask = 2147483647;
			files = (
				D9EAF08013C36F170089E9F7 /* Cocoa.framework in Frameworks */,
				D9EAF07E13C36EE70089E9F7 /* GHUnit.framework in Frameworks */,
				D97AB75B13C75B1C006A65D3 /* bson-objc.framework in Frameworks */,
				D97AB76713C791EF006A65D3 /* libsqlite3.0.dylib in Frameworks */,
				D93F849B13D2E2FB00181557 /* iDrone.framework in Frameworks */,
				D9CD42DC13D15B4100CA3D75 /* BsonNetwork.framework in Frameworks */,
			);
			runOnlyForDeploymentPostprocessing = 0;
		};
/* End PBXFrameworksBuildPhase section */

/* Begin PBXGroup section */
		034768DFFF38A50411DB9C8B /* products */ = {
			isa = PBXGroup;
			children = (
				D9337320134740DF00C7FF19 /* iDroneiOSTests.app */,
				D9EAF06113C36EC80089E9F7 /* iDroneMacTests.app */,
				D95C238513CBC241004BCE48 /* iDrone.framework */,
				D96896F413D1DACE00B7392F /* iDrone.framework */,
				D95C23F113CBEF37004BCE48 /* iDrone.tar.gz */,
			);
			name = products;
			sourceTree = "<group>";
		};
		0867D691FE84028FC02AAC07 /* idrone */ = {
			isa = PBXGroup;
			children = (
				D9EAF01E13C365C90089E9F7 /* src */,
				D95103BB11747EAD00288D3B /* lib */,
				D95103B911747E8400288D3B /* test */,
				D9337325134740DF00C7FF19 /* GHTests */,
				0867D69AFE84028FC02AAC07 /* Frameworks */,
				034768DFFF38A50411DB9C8B /* products */,
				D9510BDF117C470D00288D3B /* resources */,
			);
			name = idrone;
			sourceTree = "<group>";
		};
		0867D69AFE84028FC02AAC07 /* Frameworks */ = {
			isa = PBXGroup;
			children = (
				D9EAF0A213C3758B0089E9F7 /* CFNetwork.framework */,
				D9EAF05C13C36E930089E9F7 /* GHUnit.framework */,
				D933724C1347283500C7FF19 /* GHUnitIOS.framework */,
				D9BB61E712108403006F32AA /* YAJL.framework */,
				D9EAF07F13C36F170089E9F7 /* Cocoa.framework */,
				D951042D1174822000288D3B /* CoreGraphics.framework */,
				D951042E1174822000288D3B /* UIKit.framework */,
				AACBBE490F95108600F1A2B1 /* Foundation.framework */,
				D951076411797CD300288D3B /* libsqlite3.0.dylib */,
			);
			name = Frameworks;
			sourceTree = "<group>";
		};
		D9337325134740DF00C7FF19 /* GHTests */ = {
			isa = PBXGroup;
			children = (
				D9EAF08813C370170089E9F7 /* MacTests-Info.plist */,
				D9EAF08913C370170089E9F7 /* MacTests-Prefix.pch */,
				D9337327134740DF00C7FF19 /* GHTests-Info.plist */,
				D9337328134740DF00C7FF19 /* InfoPlist.strings */,
				D933732B134740DF00C7FF19 /* GHTests-Prefix.pch */,
			);
			path = GHTests;
			sourceTree = "<group>";
		};
		D95103B911747E8400288D3B /* test */ = {
			isa = PBXGroup;
			children = (
				D9CD42D513D1339400CA3D75 /* test_bndatastore.m */,
				D97AB77C13CA2EC5006A65D3 /* test_query.m */,
				D97AB77913CA2EB5006A65D3 /* test_collection.m */,
				D9EAF0AA13C4FED30089E9F7 /* test_merge.m */,
				D9EAF0AB13C4FED40089E9F7 /* TestPerson.h */,
				D9EAF0AC13C4FED40089E9F7 /* TestPerson.m */,
				D9EAF0C913C62BA60089E9F7 /* test_datastore.m */,
				D9EAF0CA13C62BA70089E9F7 /* test_drone.m */,
				D9EAF04513C365F60089E9F7 /* test_attribute.m */,
				D9EAF04613C365F60089E9F7 /* test_key.m */,
				D9EAF04713C365F60089E9F7 /* test_model.m */,
				D9EAF04813C365F60089E9F7 /* test_serialrep.m */,
				D9EAF04913C365F60089E9F7 /* test_version.m */,
			);
			path = test;
			sourceTree = "<group>";
		};
		D95103BB11747EAD00288D3B /* lib */ = {
			isa = PBXGroup;
			children = (
				D9CD42D813D1340F00CA3D75 /* BsonNetwork.framework */,
				D97AB75713C75B1C006A65D3 /* bson-objc.framework */,
				D9EAF0B113C526BD0089E9F7 /* NSValue+ObjCTypeSize.h */,
				D9EAF0B213C526BD0089E9F7 /* NSValue+ObjCTypeSize.m */,
				D9EAF09613C371D30089E9F7 /* GHUnitTestMain.m */,
				D9EAF09813C371F30089E9F7 /* GHUnitIOSTestMain.m */,
				D953BE3C122194F7005A6BEC /* NSData+Base64.h */,
				D953BE3D122194F7005A6BEC /* NSData+Base64.m */,
				D953BDD61221884A005A6BEC /* NSData+AES256.h */,
				D953BDD71221884A005A6BEC /* NSData+AES256.m */,
				D9EAF01213C365A10089E9F7 /* NSString+SHA.h */,
				D9EAF01313C365A10089E9F7 /* NSString+SHA.m */,
				D992DD91141CEA98009A98B0 /* nanotime */,
				D951069D1179098200288D3B /* fmdb */,
			);
			includeInIndex = 1;
			path = lib;
			sourceTree = "<group>";
		};
		D951069D1179098200288D3B /* fmdb */ = {
			isa = PBXGroup;
			children = (
				D95106A01179098200288D3B /* FMDatabase.h */,
				D95106A11179098200288D3B /* FMDatabase.m */,
				D95106A21179098200288D3B /* FMDatabaseAdditions.h */,
				D95106A31179098200288D3B /* FMDatabaseAdditions.m */,
				D95106A51179098200288D3B /* FMResultSet.h */,
				D95106A61179098200288D3B /* FMResultSet.m */,
			);
			path = fmdb;
			sourceTree = "<group>";
		};
		D9510BDF117C470D00288D3B /* resources */ = {
			isa = PBXGroup;
			children = (
				D95C23C313CBC456004BCE48 /* iDrone-Prefix.pch */,
				AA747D9E0F9514B9006C5449 /* idrone_Prefix.pch */,
				D9510BE0117C472E00288D3B /* Framework.plist */,
				D9510BE9117C480C00288D3B /* framework.sh */,
				D95C23C213CBC456004BCE48 /* iDrone-Info.plist */,
			);
			path = resources;
			sourceTree = "<group>";
		};
		D992DD91141CEA98009A98B0 /* nanotime */ = {
			isa = PBXGroup;
			children = (
				D992DD92141CEA98009A98B0 /* nanotime.c */,
				D992DD93141CEA98009A98B0 /* nanotime.h */,
				D992DD94141CEA98009A98B0 /* NSDate+Nanotime.h */,
				D992DD95141CEA98009A98B0 /* NSDate+Nanotime.m */,
			);
			path = nanotime;
			sourceTree = "<group>";
		};
		D9EAF01E13C365C90089E9F7 /* src */ = {
			isa = PBXGroup;
			children = (
				D9EAF01F13C365C90089E9F7 /* DSAttribute.h */,
				D9EAF02013C365C90089E9F7 /* DSAttribute.m */,
				D9EAF02113C365C90089E9F7 /* DSKey.h */,
				D97AB78913CA418A006A65D3 /* DSComparable.h */,
				D9EAF02213C365C90089E9F7 /* DSKey.m */,
				D9EAF0B913C62B6E0089E9F7 /* DSDatastore.h */,
				D9EAF0BA13C62B700089E9F7 /* DSDatastore.m */,
				D97AB75C13C790E5006A65D3 /* DSFMDBDatastore.h */,
				D97AB75D13C790E5006A65D3 /* DSFMDBDatastore.m */,
				D9EAF0BB13C62B730089E9F7 /* DSDrone.h */,
				D9EAF0BC13C62B780089E9F7 /* DSDrone.m */,
				D9EAF02313C365C90089E9F7 /* DSModel.h */,
				D9EAF02413C365C90089E9F7 /* DSModel.m */,
				D9EAF09A13C374830089E9F7 /* DSMerge.h */,
				D9EAF09B13C374840089E9F7 /* DSMerge.m */,
				D9EAF02513C365C90089E9F7 /* DSSerialRep.h */,
				D9EAF02613C365C90089E9F7 /* DSSerialRep.m */,
				D9EAF02713C365C90089E9F7 /* DSVersion.h */,
				D9EAF02813C365C90089E9F7 /* DSVersion.m */,
				D97AB76913CA2AC7006A65D3 /* DSCollection.h */,
				D97AB76A13CA2AC8006A65D3 /* DSCollection.m */,
				D97AB76B13CA2ACA006A65D3 /* DSQuery.h */,
				D97AB76C13CA2ACF006A65D3 /* DSQuery.m */,
				D9EAF02913C365C90089E9F7 /* iDrone.h */,
				D9CD42D113D1335200CA3D75 /* DSBNDatastore.h */,
				D9CD42D213D1335200CA3D75 /* DSBNDatastore.m */,
			);
			path = src;
			sourceTree = "<group>";
		};
/* End PBXGroup section */

/* Begin PBXHeadersBuildPhase section */
		D95C238013CBC241004BCE48 /* Headers */ = {
			isa = PBXHeadersBuildPhase;
			buildActionMask = 2147483647;
			files = (
				D95C239413CBC329004BCE48 /* DSAttribute.h in Headers */,
				D95C239613CBC329004BCE48 /* DSKey.h in Headers */,
				D95C239713CBC329004BCE48 /* DSComparable.h in Headers */,
				D95C239913CBC329004BCE48 /* DSDatastore.h in Headers */,
				D95C239B13CBC329004BCE48 /* DSFMDBDatastore.h in Headers */,
				D95C239D13CBC329004BCE48 /* DSDrone.h in Headers */,
				D95C239F13CBC329004BCE48 /* DSModel.h in Headers */,
				D95C23A113CBC329004BCE48 /* DSMerge.h in Headers */,
				D95C23A313CBC329004BCE48 /* DSSerialRep.h in Headers */,
				D95C23A513CBC329004BCE48 /* DSVersion.h in Headers */,
				D95C23A713CBC329004BCE48 /* DSCollection.h in Headers */,
				D95C23A913CBC329004BCE48 /* DSQuery.h in Headers */,
				D95C23AB13CBC329004BCE48 /* iDrone.h in Headers */,
				D95C23AC13CBC34C004BCE48 /* NSValue+ObjCTypeSize.h in Headers */,
				D95C23B013CBC34C004BCE48 /* NSData+Base64.h in Headers */,
				D95C23B413CBC34C004BCE48 /* NSData+AES256.h in Headers */,
				D95C23B813CBC34C004BCE48 /* NSString+SHA.h in Headers */,
				D95C23BA13CBC34C004BCE48 /* FMDatabase.h in Headers */,
				D9CD42D313D1335300CA3D75 /* DSBNDatastore.h in Headers */,
				D95C23BC13CBC34C004BCE48 /* FMDatabaseAdditions.h in Headers */,
				D95C23BE13CBC34C004BCE48 /* FMResultSet.h in Headers */,
				D992DD97141CEA98009A98B0 /* nanotime.h in Headers */,
				D992DD98141CEA98009A98B0 /* NSDate+Nanotime.h in Headers */,
			);
			runOnlyForDeploymentPostprocessing = 0;
		};
/* End PBXHeadersBuildPhase section */

/* Begin PBXNativeTarget section */
		D933731F134740DF00C7FF19 /* iDroneiOSTests */ = {
			isa = PBXNativeTarget;
			buildConfigurationList = D9337334134740DF00C7FF19 /* Build configuration list for PBXNativeTarget "iDroneiOSTests" */;
			buildPhases = (
				D933731C134740DF00C7FF19 /* Sources */,
				D933731D134740DF00C7FF19 /* Frameworks */,
				D933731E134740DF00C7FF19 /* Resources */,
			);
			buildRules = (
			);
			dependencies = (
			);
			name = iDroneiOSTests;
			productName = GHTests;
			productReference = D9337320134740DF00C7FF19 /* iDroneiOSTests.app */;
			productType = "com.apple.product-type.application";
		};
		D95C238413CBC241004BCE48 /* iDrone */ = {
			isa = PBXNativeTarget;
			buildConfigurationList = D95C238D13CBC241004BCE48 /* Build configuration list for PBXNativeTarget "iDrone" */;
			buildPhases = (
				D95C237F13CBC241004BCE48 /* Sources */,
				D95C23C013CBC35C004BCE48 /* Frameworks */,
				D95C238013CBC241004BCE48 /* Headers */,
				D95C238113CBC241004BCE48 /* ShellScript */,
				D95C238213CBC241004BCE48 /* ShellScript */,
				D95C238313CBC241004BCE48 /* Resources */,
			);
			buildRules = (
			);
			dependencies = (
			);
			name = iDrone;
			productName = iDrone;
			productReference = D95C238513CBC241004BCE48 /* iDrone.framework */;
			productType = "com.apple.product-type.bundle";
		};
		D9EAF06013C36EC80089E9F7 /* iDroneMacTests */ = {
			isa = PBXNativeTarget;
			buildConfigurationList = D9EAF07B13C36EC80089E9F7 /* Build configuration list for PBXNativeTarget "iDroneMacTests" */;
			buildPhases = (
				D9EAF05D13C36EC80089E9F7 /* Sources */,
				D9EAF05E13C36EC80089E9F7 /* Frameworks */,
				D9EAF05F13C36EC80089E9F7 /* Resources */,
				D9EAF08113C36F4C0089E9F7 /* CopyFiles */,
			);
			buildRules = (
			);
			dependencies = (
			);
			name = iDroneMacTests;
			productName = MacTests;
			productReference = D9EAF06113C36EC80089E9F7 /* iDroneMacTests.app */;
			productType = "com.apple.product-type.application";
		};
/* End PBXNativeTarget section */

/* Begin PBXProject section */
		0867D690FE84028FC02AAC07 /* Project object */ = {
			isa = PBXProject;
			buildConfigurationList = 1DEB922208733DC00010E9CD /* Build configuration list for PBXProject "idrone2" */;
			compatibilityVersion = "Xcode 3.1";
			developmentRegion = English;
			hasScannedForEncodings = 1;
			knownRegions = (
				English,
				Japanese,
				French,
				German,
				en,
			);
			mainGroup = 0867D691FE84028FC02AAC07 /* idrone */;
			productRefGroup = 034768DFFF38A50411DB9C8B /* products */;
			projectDirPath = "";
			projectRoot = "";
			targets = (
				D933731F134740DF00C7FF19 /* iDroneiOSTests */,
				D9EAF06013C36EC80089E9F7 /* iDroneMacTests */,
				D95C238413CBC241004BCE48 /* iDrone */,
			);
		};
/* End PBXProject section */

/* Begin PBXResourcesBuildPhase section */
		D933731E134740DF00C7FF19 /* Resources */ = {
			isa = PBXResourcesBuildPhase;
			buildActionMask = 2147483647;
			files = (
				D933732A134740DF00C7FF19 /* InfoPlist.strings in Resources */,
			);
			runOnlyForDeploymentPostprocessing = 0;
		};
		D95C238313CBC241004BCE48 /* Resources */ = {
			isa = PBXResourcesBuildPhase;
			buildActionMask = 2147483647;
			files = (
			);
			runOnlyForDeploymentPostprocessing = 0;
		};
		D9EAF05F13C36EC80089E9F7 /* Resources */ = {
			isa = PBXResourcesBuildPhase;
			buildActionMask = 2147483647;
			files = (
			);
			runOnlyForDeploymentPostprocessing = 0;
		};
/* End PBXResourcesBuildPhase section */

/* Begin PBXShellScriptBuildPhase section */
		D95C238113CBC241004BCE48 /* ShellScript */ = {
			isa = PBXShellScriptBuildPhase;
			buildActionMask = 2147483647;
			files = (
			);
			inputPaths = (
			);
			outputPaths = (
			);
			runOnlyForDeploymentPostprocessing = 0;
			shellPath = /bin/sh;
			shellScript = "if [ \"${ACTION}\" = \"build\" ]\nthen\n\n# Product name should be ${TARGET_NAME}.framework anyway...\nFWK_NAME=\"${WRAPPER_NAME}\"\nFWK_LIB=\"${FWK_NAME}/${TARGET_NAME}\"\n\n# Set the target folders and the final framework product.\nFWK_PATH=\"${SYMROOT}/${CONFIGURATION}-framework\"\nDEV_PATH=\"${SYMROOT}/${CONFIGURATION}-iphoneos\"\nSIM_PATH=\"${SYMROOT}/${CONFIGURATION}-iphonesimulator\"\nFWK_ROOT=\"${FWK_PATH}/${FWK_NAME}\"\n\necho \"framework: building ${FWK_NAME}\"\n\necho \"framework: setting up framework directory structure\"\n\nmkdir -p \"${FWK_ROOT}\"\nrm -rf \"${FWK_ROOT}/\"*\n\nif [ $? -ne 0 ];then\n  echo \"error: failed to delete existing framework. check permissions?\"\n  exit\nfi\n\n# Build the canonical Framework bundle directory structure\nmkdir -p \"${FWK_ROOT}/Versions\"\nmkdir -p \"${FWK_ROOT}/Versions/${FRAMEWORK_VERSION}\"\nmkdir -p \"${FWK_ROOT}/Versions/${FRAMEWORK_VERSION}/Resources\"\nmkdir -p \"${FWK_ROOT}/Versions/${FRAMEWORK_VERSION}/Headers\"\n\nln -s \"${FRAMEWORK_VERSION}\" \"${FWK_ROOT}/Versions/Current\"\nln -s \"Versions/Current/Headers\" \"${FWK_ROOT}/Headers\"\nln -s \"Versions/Current/Resources\" \"${FWK_ROOT}/Resources\"\nln -s \"Versions/Current/${TARGET_NAME}\" \"${FWK_ROOT}/${TARGET_NAME}\"\n\n\nif [ ! -d \"${DEV_PATH}/${FWK_NAME}/Headers\" ]\nthen\n  echo \"error: Framework target \\\"${TARGET_NAME}\\\" did not copy any headers.\" \\\n   \"Make sure the desired headers are on the 'Copy Headers' Build Phase.\" \\\n   \"Make sure you built the Device target (from which headers are copied).\"\n  exit 1\nfi\n\n# Copy the header files to the final product folder.\necho \"framework: copying headers from ${DEV_PATH}/${FWK_NAME}/Headers\"\nditto \"${DEV_PATH}/${FWK_NAME}/Headers\" \"${FWK_ROOT}/Headers\"\n\n# Copy the header files to the final product folder.\necho \"framework: copying Info.plist file\"\ncp \"${DEV_PATH}/${FWK_NAME}/Info.plist\" \"${FWK_ROOT}/Resources/Info.plist\"\n\n# Use the Lipo Tool to merge both binary files (i386 + armv6/armv7) into one Universal final product.\necho \"framework: creating universal lib ${FWK_PATH}/${FWK_LIB}\"\nlipo -create \"${DEV_PATH}/${FWK_LIB}\" \"${SIM_PATH}/${FWK_LIB}\" \\\n     -output \"${FWK_ROOT}/Versions/Current/${TARGET_NAME}\"\n\nfi";
		};
		D95C238213CBC241004BCE48 /* ShellScript */ = {
			isa = PBXShellScriptBuildPhase;
			buildActionMask = 2147483647;
			files = (
			);
			inputPaths = (
			);
			outputPaths = (
			);
			runOnlyForDeploymentPostprocessing = 0;
			shellPath = /bin/sh;
			shellScript = "if [ \"${CONFIGURATION}\" = \"Release\" ]\nthen\n\n# Product name should be ${TARGET_NAME}.framework anyway...\nFWK_NAME=\"${WRAPPER_NAME}\"\nFWK_PATH=\"${SYMROOT}/${CONFIGURATION}-framework\"\nFWK_TARBALL=\"${RELEASE_TARBALL_FILE}\"\n\n\n# Package up\nTARBALL_PATH=`dirname \"${RELEASE_TARBALL_FILE}\"`\nTARBALL_FILENAME=`basename \"${RELEASE_TARBALL_FILE}\"`\necho \"framework: packaging release tarball\"\nmkdir -p \"${TARBALL_PATH}\"\ncp -r \"${FWK_PATH}/${FWK_NAME}\" \"${TARBALL_PATH}/.\"\ncd \"${TARBALL_PATH}\"\ntar -czf \"${TARBALL_FILENAME}\" \"${FWK_NAME}\"\n\nfi";
		};
/* End PBXShellScriptBuildPhase section */

/* Begin PBXSourcesBuildPhase section */
		D933731C134740DF00C7FF19 /* Sources */ = {
			isa = PBXSourcesBuildPhase;
			buildActionMask = 2147483647;
			files = (
				D95C23D313CBC864004BCE48 /* test_query.m in Sources */,
				D95C23D413CBC864004BCE48 /* test_collection.m in Sources */,
				D95C23D513CBC864004BCE48 /* test_merge.m in Sources */,
				D95C23D613CBC864004BCE48 /* TestPerson.m in Sources */,
				D95C23D713CBC864004BCE48 /* test_datastore.m in Sources */,
				D95C23D813CBC864004BCE48 /* test_drone.m in Sources */,
				D95C23D913CBC864004BCE48 /* test_attribute.m in Sources */,
				D95C23DA13CBC864004BCE48 /* test_key.m in Sources */,
				D95C23DB13CBC864004BCE48 /* test_model.m in Sources */,
				D95C23DC13CBC864004BCE48 /* test_serialrep.m in Sources */,
				D95C23DD13CBC864004BCE48 /* test_version.m in Sources */,
				D95C23EA13CBCB94004BCE48 /* GHUnitIOSTestMain.m in Sources */,
				D9CD42D613D1339400CA3D75 /* test_bndatastore.m in Sources */,
			);
			runOnlyForDeploymentPostprocessing = 0;
		};
		D95C237F13CBC241004BCE48 /* Sources */ = {
			isa = PBXSourcesBuildPhase;
			buildActionMask = 2147483647;
			files = (
				D95C239513CBC329004BCE48 /* DSAttribute.m in Sources */,
				D95C239813CBC329004BCE48 /* DSKey.m in Sources */,
				D95C239A13CBC329004BCE48 /* DSDatastore.m in Sources */,
				D95C239C13CBC329004BCE48 /* DSFMDBDatastore.m in Sources */,
				D95C239E13CBC329004BCE48 /* DSDrone.m in Sources */,
				D95C23A013CBC329004BCE48 /* DSModel.m in Sources */,
				D95C23A213CBC329004BCE48 /* DSMerge.m in Sources */,
				D95C23A413CBC329004BCE48 /* DSSerialRep.m in Sources */,
				D95C23A613CBC329004BCE48 /* DSVersion.m in Sources */,
				D95C23A813CBC329004BCE48 /* DSCollection.m in Sources */,
				D95C23AA13CBC329004BCE48 /* DSQuery.m in Sources */,
				D95C23AD13CBC34C004BCE48 /* NSValue+ObjCTypeSize.m in Sources */,
				D95C23B313CBC34C004BCE48 /* NSData+Base64.m in Sources */,
				D95C23B513CBC34C004BCE48 /* NSData+AES256.m in Sources */,
				D95C23B913CBC34C004BCE48 /* NSString+SHA.m in Sources */,
				D95C23BB13CBC34C004BCE48 /* FMDatabase.m in Sources */,
				D95C23BD13CBC34C004BCE48 /* FMDatabaseAdditions.m in Sources */,
				D95C23BF13CBC34C004BCE48 /* FMResultSet.m in Sources */,
				D9CD42D413D1335300CA3D75 /* DSBNDatastore.m in Sources */,
				D992DD96141CEA98009A98B0 /* nanotime.c in Sources */,
				D992DD99141CEA98009A98B0 /* NSDate+Nanotime.m in Sources */,
			);
			runOnlyForDeploymentPostprocessing = 0;
		};
		D9EAF05D13C36EC80089E9F7 /* Sources */ = {
			isa = PBXSourcesBuildPhase;
			buildActionMask = 2147483647;
			files = (
				D95C23C813CBC864004BCE48 /* test_query.m in Sources */,
				D95C23C913CBC864004BCE48 /* test_collection.m in Sources */,
				D95C23CA13CBC864004BCE48 /* test_merge.m in Sources */,
				D95C23CB13CBC864004BCE48 /* TestPerson.m in Sources */,
				D95C23CC13CBC864004BCE48 /* test_datastore.m in Sources */,
				D95C23CD13CBC864004BCE48 /* test_drone.m in Sources */,
				D95C23CE13CBC864004BCE48 /* test_attribute.m in Sources */,
				D95C23CF13CBC864004BCE48 /* test_key.m in Sources */,
				D95C23D013CBC864004BCE48 /* test_model.m in Sources */,
				D95C23D113CBC864004BCE48 /* test_serialrep.m in Sources */,
				D95C23D213CBC864004BCE48 /* test_version.m in Sources */,
				D95C23E913CBCB91004BCE48 /* GHUnitTestMain.m in Sources */,
				D9CD42D713D1339400CA3D75 /* test_bndatastore.m in Sources */,
			);
			runOnlyForDeploymentPostprocessing = 0;
		};
/* End PBXSourcesBuildPhase section */

/* Begin PBXVariantGroup section */
		D9337328134740DF00C7FF19 /* InfoPlist.strings */ = {
			isa = PBXVariantGroup;
			children = (
				D9337329134740DF00C7FF19 /* en */,
			);
			name = InfoPlist.strings;
			sourceTree = "<group>";
		};
/* End PBXVariantGroup section */

/* Begin XCBuildConfiguration section */
		1DEB922308733DC00010E9CD /* Debug */ = {
			isa = XCBuildConfiguration;
			buildSettings = {
				ARCHS = "$(ARCHS_STANDARD_32_BIT)";
				GCC_C_LANGUAGE_STANDARD = c99;
				GCC_OPTIMIZATION_LEVEL = 0;
				GCC_WARN_ABOUT_RETURN_TYPE = YES;
				GCC_WARN_UNUSED_VARIABLE = YES;
				HEADER_SEARCH_PATHS = (
					include,
					"lib/*/Headers/",
				);
				IPHONEOS_DEPLOYMENT_TARGET = 3.0;
				ONLY_ACTIVE_ARCH = NO;
				OTHER_LDFLAGS = (
					"-all_load",
					"-ObjC",
				);
				PREBINDING = NO;
				SDKROOT = iphoneos;
			};
			name = Debug;
		};
		1DEB922408733DC00010E9CD /* Release */ = {
			isa = XCBuildConfiguration;
			buildSettings = {
				ARCHS = "$(ARCHS_STANDARD_32_BIT)";
				GCC_C_LANGUAGE_STANDARD = c99;
				GCC_WARN_ABOUT_RETURN_TYPE = YES;
				GCC_WARN_UNUSED_VARIABLE = YES;
				HEADER_SEARCH_PATHS = (
					include,
					"lib/*/Headers/",
				);
				IPHONEOS_DEPLOYMENT_TARGET = 3.0;
				ONLY_ACTIVE_ARCH = NO;
				OTHER_LDFLAGS = (
					"-all_load",
					"-ObjC",
				);
				PREBINDING = NO;
				SDKROOT = iphoneos;
			};
			name = Release;
		};
		D9337335134740DF00C7FF19 /* Debug */ = {
			isa = XCBuildConfiguration;
			buildSettings = {
				ALWAYS_SEARCH_USER_PATHS = NO;
				CODE_SIGN_IDENTITY = "iPhone Developer";
				"CODE_SIGN_IDENTITY[sdk=iphoneos*]" = "iPhone Developer";
				COPY_PHASE_STRIP = NO;
				FRAMEWORK_SEARCH_PATHS = (
					"$(inherited)",
					"\"$(SRCROOT)/lib\"",
					"\"$(SRCROOT)/../../../Library/Developer/Xcode/DerivedData/idrone2-byblqxhvewoncvemnttpywhqfeja/Build/Products/Debug-framework\"",
					"\"$(SRCROOT)/../../../Library/Developer/Xcode/DerivedData/idrone2-byblqxhvewoncvemnttpywhqfeja/Build/Products/Release-framework\"",
					"\"$(SRCROOT)/release\"",
				);
				GCC_C_LANGUAGE_STANDARD = gnu99;
				GCC_DYNAMIC_NO_PIC = NO;
				GCC_PRECOMPILE_PREFIX_HEADER = YES;
				GCC_PREFIX_HEADER = "GHTests/GHTests-Prefix.pch";
				GCC_PREPROCESSOR_DEFINITIONS = DEBUG;
				GCC_SYMBOLS_PRIVATE_EXTERN = NO;
				GCC_VERSION = 4.2;
				INFOPLIST_FILE = "GHTests/GHTests-Info.plist";
				IPHONEOS_DEPLOYMENT_TARGET = 4.3;
				LIBRARY_SEARCH_PATHS = (
					"$(inherited)",
					"\"$(SRCROOT)/lib\"",
				);
				PRODUCT_NAME = "$(TARGET_NAME)";
				PROVISIONING_PROFILE = "";
				SDKROOT = iphoneos;
				WRAPPER_EXTENSION = app;
			};
			name = Debug;
		};
		D9337336134740DF00C7FF19 /* Release */ = {
			isa = XCBuildConfiguration;
			buildSettings = {
				ALWAYS_SEARCH_USER_PATHS = NO;
				CODE_SIGN_IDENTITY = "iPhone Developer";
				"CODE_SIGN_IDENTITY[sdk=iphoneos*]" = "iPhone Developer";
				COPY_PHASE_STRIP = YES;
				FRAMEWORK_SEARCH_PATHS = (
					"$(inherited)",
					"\"$(SRCROOT)/lib\"",
					"\"$(SRCROOT)/../../../Library/Developer/Xcode/DerivedData/idrone2-byblqxhvewoncvemnttpywhqfeja/Build/Products/Debug-framework\"",
					"\"$(SRCROOT)/../../../Library/Developer/Xcode/DerivedData/idrone2-byblqxhvewoncvemnttpywhqfeja/Build/Products/Release-framework\"",
					"\"$(SRCROOT)/release\"",
				);
				GCC_C_LANGUAGE_STANDARD = gnu99;
				GCC_PRECOMPILE_PREFIX_HEADER = YES;
				GCC_PREFIX_HEADER = "GHTests/GHTests-Prefix.pch";
				GCC_VERSION = 4.2;
				INFOPLIST_FILE = "GHTests/GHTests-Info.plist";
				IPHONEOS_DEPLOYMENT_TARGET = 4.3;
				LIBRARY_SEARCH_PATHS = (
					"$(inherited)",
					"\"$(SRCROOT)/lib\"",
				);
				OTHER_CFLAGS = "-DNS_BLOCK_ASSERTIONS=1";
				PRODUCT_NAME = "$(TARGET_NAME)";
				PROVISIONING_PROFILE = "";
				VALIDATE_PRODUCT = YES;
				WRAPPER_EXTENSION = app;
			};
			name = Release;
		};
		D95C238E13CBC241004BCE48 /* Debug */ = {
			isa = XCBuildConfiguration;
			buildSettings = {
				ALWAYS_SEARCH_USER_PATHS = NO;
				ARCHS = (
					"$(ARCHS_STANDARD_32_BIT)",
					"$(ARCHS_STANDARD_64_BIT)",
					x86_64,
				);
				DEAD_CODE_STRIPPING = NO;
				DYLIB_COMPATIBILITY_VERSION = 1;
				DYLIB_CURRENT_VERSION = 1;
				FRAMEWORK_SEARCH_PATHS = (
					"$(inherited)",
					"\"$(SRCROOT)/lib\"",
				);
				FRAMEWORK_VERSION = A;
				GCC_C_LANGUAGE_STANDARD = gnu99;
				GCC_GENERATE_DEBUGGING_SYMBOLS = NO;
				GCC_PRECOMPILE_PREFIX_HEADER = NO;
				GCC_PREFIX_HEADER = "resources/iDrone-Prefix.pch";
				GCC_PREPROCESSOR_DEFINITIONS = DEBUG;
				GCC_SYMBOLS_PRIVATE_EXTERN = NO;
				GCC_VERSION = 4.2;
				INFOPLIST_EXPAND_BUILD_SETTINGS = NO;
				INFOPLIST_FILE = "resources/iDrone-Info.plist";
				INFOPLIST_OUTPUT_FORMAT = xml;
				INFOPLIST_PREPROCESS = YES;
				IPHONEOS_DEPLOYMENT_TARGET = 4.3;
				LINK_WITH_STANDARD_LIBRARIES = NO;
				MACH_O_TYPE = mh_object;
				OTHER_LDFLAGS = (
					"-ObjC",
					"-all_load",
				);
				PRODUCT_NAME = "$(TARGET_NAME)";
				RELEASE_TARBALL_FILE = "release/$(TARGET_NAME).tar.gz";
				SKIP_INSTALL = YES;
				VALID_ARCHS = "armv6 armv7 i386";
				WRAPPER_EXTENSION = framework;
			};
			name = Debug;
		};
		D95C238F13CBC241004BCE48 /* Release */ = {
			isa = XCBuildConfiguration;
			buildSettings = {
				ALWAYS_SEARCH_USER_PATHS = NO;
				ARCHS = (
					"$(ARCHS_STANDARD_32_BIT)",
					"$(ARCHS_STANDARD_64_BIT)",
					x86_64,
				);
				DEAD_CODE_STRIPPING = NO;
				DYLIB_COMPATIBILITY_VERSION = 1;
				DYLIB_CURRENT_VERSION = 1;
				FRAMEWORK_SEARCH_PATHS = (
					"$(inherited)",
					"\"$(SRCROOT)/lib\"",
				);
				FRAMEWORK_VERSION = A;
				GCC_C_LANGUAGE_STANDARD = gnu99;
				GCC_GENERATE_DEBUGGING_SYMBOLS = NO;
				GCC_PRECOMPILE_PREFIX_HEADER = NO;
				GCC_PREFIX_HEADER = "resources/iDrone-Prefix.pch";
				GCC_VERSION = 4.2;
				INFOPLIST_EXPAND_BUILD_SETTINGS = NO;
				INFOPLIST_FILE = "resources/iDrone-Info.plist";
				INFOPLIST_OUTPUT_FORMAT = xml;
				INFOPLIST_PREPROCESS = YES;
				IPHONEOS_DEPLOYMENT_TARGET = 4.3;
				LINK_WITH_STANDARD_LIBRARIES = NO;
				MACH_O_TYPE = mh_object;
				OTHER_LDFLAGS = (
					"-ObjC",
					"-all_load",
				);
				PRODUCT_NAME = "$(TARGET_NAME)";
				RELEASE_TARBALL_FILE = "release/$(TARGET_NAME).tar.gz";
				SKIP_INSTALL = YES;
				VALID_ARCHS = "armv6 armv7 i386";
				WRAPPER_EXTENSION = framework;
			};
			name = Release;
		};
		D9EAF07C13C36EC80089E9F7 /* Debug */ = {
			isa = XCBuildConfiguration;
			buildSettings = {
				ALWAYS_SEARCH_USER_PATHS = NO;
				ARCHS = "$(ARCHS_STANDARD_32_64_BIT)";
				COPY_PHASE_STRIP = NO;
				FRAMEWORK_SEARCH_PATHS = (
					"\"$(SRCROOT)/lib\"",
					"\"$(SRCROOT)/release\"",
				);
				GCC_C_LANGUAGE_STANDARD = gnu99;
				GCC_DYNAMIC_NO_PIC = NO;
				GCC_ENABLE_OBJC_EXCEPTIONS = YES;
				GCC_PRECOMPILE_PREFIX_HEADER = YES;
				GCC_PREFIX_HEADER = "GHTests/MacTests-Prefix.pch";
				GCC_PREPROCESSOR_DEFINITIONS = DEBUG;
				GCC_SYMBOLS_PRIVATE_EXTERN = NO;
				GCC_VERSION = 4.2;
				GCC_WARN_64_TO_32_BIT_CONVERSION = YES;
				INFOPLIST_FILE = "GHTests/MacTests-Info.plist";
				LD_RUNPATH_SEARCH_PATHS = "@loader_path/../Frameworks";
				LIBRARY_SEARCH_PATHS = (
					"$(inherited)",
					"\"$(SRCROOT)/lib\"",
				);
				MACOSX_DEPLOYMENT_TARGET = 10.6;
				ONLY_ACTIVE_ARCH = YES;
				OTHER_CFLAGS = "";
				PRODUCT_NAME = "$(TARGET_NAME)";
				SDKROOT = macosx;
				WRAPPER_EXTENSION = app;
			};
			name = Debug;
		};
		D9EAF07D13C36EC80089E9F7 /* Release */ = {
			isa = XCBuildConfiguration;
			buildSettings = {
				ALWAYS_SEARCH_USER_PATHS = NO;
				ARCHS = "$(ARCHS_STANDARD_32_64_BIT)";
				COPY_PHASE_STRIP = YES;
				DEBUG_INFORMATION_FORMAT = "dwarf-with-dsym";
				FRAMEWORK_SEARCH_PATHS = (
					"\"$(SRCROOT)/lib\"",
					"\"$(SRCROOT)/release\"",
				);
				GCC_C_LANGUAGE_STANDARD = gnu99;
				GCC_ENABLE_OBJC_EXCEPTIONS = YES;
				GCC_PRECOMPILE_PREFIX_HEADER = YES;
				GCC_PREFIX_HEADER = "GHTests/MacTests-Prefix.pch";
				GCC_VERSION = 4.2;
				GCC_WARN_64_TO_32_BIT_CONVERSION = YES;
				INFOPLIST_FILE = "GHTests/MacTests-Info.plist";
				LD_RUNPATH_SEARCH_PATHS = "@loader_path/../Frameworks";
				LIBRARY_SEARCH_PATHS = (
					"$(inherited)",
					"\"$(SRCROOT)/lib\"",
				);
				MACOSX_DEPLOYMENT_TARGET = 10.6;
				ONLY_ACTIVE_ARCH = YES;
				OTHER_CFLAGS = "";
				PRODUCT_NAME = "$(TARGET_NAME)";
				SDKROOT = macosx;
				WRAPPER_EXTENSION = app;
			};
			name = Release;
		};
/* End XCBuildConfiguration section */

/* Begin XCConfigurationList section */
		1DEB922208733DC00010E9CD /* Build configuration list for PBXProject "idrone2" */ = {
			isa = XCConfigurationList;
			buildConfigurations = (
				1DEB922308733DC00010E9CD /* Debug */,
				1DEB922408733DC00010E9CD /* Release */,
			);
			defaultConfigurationIsVisible = 0;
			defaultConfigurationName = Release;
		};
		D9337334134740DF00C7FF19 /* Build configuration list for PBXNativeTarget "iDroneiOSTests" */ = {
			isa = XCConfigurationList;
			buildConfigurations = (
				D9337335134740DF00C7FF19 /* Debug */,
				D9337336134740DF00C7FF19 /* Release */,
			);
			defaultConfigurationIsVisible = 0;
			defaultConfigurationName = Release;
		};
		D95C238D13CBC241004BCE48 /* Build configuration list for PBXNativeTarget "iDrone" */ = {
			isa = XCConfigurationList;
			buildConfigurations = (
				D95C238E13CBC241004BCE48 /* Debug */,
				D95C238F13CBC241004BCE48 /* Release */,
			);
			defaultConfigurationIsVisible = 0;
			defaultConfigurationName = Release;
		};
		D9EAF07B13C36EC80089E9F7 /* Build configuration list for PBXNativeTarget "iDroneMacTests" */ = {
			isa = XCConfigurationList;
			buildConfigurations = (
				D9EAF07C13C36EC80089E9F7 /* Debug */,
				D9EAF07D13C36EC80089E9F7 /* Release */,
			);
			defaultConfigurationIsVisible = 0;
			defaultConfigurationName = Release;
		};
/* End XCConfigurationList section */
	};
	rootObject = 0867D690FE84028FC02AAC07 /* Project object */;
}
